PODS:
  - DZNEmptyDataSet (1.8.1)
  - MBProgressHUD (1.2.0)
  - MJRefresh (3.5.0)
  - PKHUD (5.3.0)
  - SnapKit (5.0.1)

DEPENDENCIES:
  - DZNEmptyDataSet
  - MBProgressHUD
  - MJRefresh
  - PKHUD
  - SnapKit

SPEC REPOS:
  trunk:
    - DZNEmptyDataSet
    - MBProgressHUD
    - MJRefresh
    - PKHUD
    - SnapKit

SPEC CHECKSUMS:
  DZNEmptyDataSet: 9525833b9e68ac21c30253e1d3d7076cc828eaa7
  MBProgressHUD: 3ee5efcc380f6a79a7cc9b363dd669c5e1ae7406
  MJRefresh: 6afc955813966afb08305477dd7a0d9ad5e79a16
  PKHUD: 98f3e4bc904b9c916f1c5bb6d765365b5357291b
  SnapKit: 97b92857e3df3a0c71833cce143274bf6ef8e5eb

PODFILE CHECKSUM: 010c3a43d5a7fe7c3ed77eb08f2defc870cd8b95

COCOAPODS: 1.9.3
