// !$*UTF8*$!
{
	archiveVersion = 1;
	classes = {
	};
	objectVersion = 51;
	objects = {

/* Begin PBXBuildFile section */
		040AAF79253D8D1C006C48B5 /* QYCodable.swift in Sources */ = {isa = PBXBuildFile; fileRef = 040AAF78253D8D1C006C48B5 /* QYCodable.swift */; };
		040E859924F5085600002267 /* QYTableViewDelegate.swift in Sources */ = {isa = PBXBuildFile; fileRef = 040E859824F5085600002267 /* QYTableViewDelegate.swift */; };
		045C620424D815470080FAFF /* QYButton.swift in Sources */ = {isa = PBXBuildFile; fileRef = 045C61D624D815460080FAFF /* QYButton.swift */; };
		045C620524D815470080FAFF /* QYTextView.swift in Sources */ = {isa = PBXBuildFile; fileRef = 045C61D724D815460080FAFF /* QYTextView.swift */; };
		045C620624D815470080FAFF /* QYView.swift in Sources */ = {isa = PBXBuildFile; fileRef = 045C61D824D815460080FAFF /* QYView.swift */; };
		045C620724D815470080FAFF /* QYTextField.swift in Sources */ = {isa = PBXBuildFile; fileRef = 045C61D924D815460080FAFF /* QYTextField.swift */; };
		045C620824D815470080FAFF /* QYLabel.swift in Sources */ = {isa = PBXBuildFile; fileRef = 045C61DA24D815460080FAFF /* QYLabel.swift */; };
		045C620924D815470080FAFF /* QYImage.swift in Sources */ = {isa = PBXBuildFile; fileRef = 045C61DB24D815460080FAFF /* QYImage.swift */; };
		045C620A24D815470080FAFF /* QYViewController.swift in Sources */ = {isa = PBXBuildFile; fileRef = 045C61DC24D815460080FAFF /* QYViewController.swift */; };
		045C620B24D815470080FAFF /* QYDevice.swift in Sources */ = {isa = PBXBuildFile; fileRef = 045C61DE24D815460080FAFF /* QYDevice.swift */; };
		045C620C24D815470080FAFF /* QYObject.swift in Sources */ = {isa = PBXBuildFile; fileRef = 045C61DF24D815460080FAFF /* QYObject.swift */; };
		045C620D24D815470080FAFF /* QYDispatchQueue.swift in Sources */ = {isa = PBXBuildFile; fileRef = 045C61E024D815460080FAFF /* QYDispatchQueue.swift */; };
		045C620E24D815470080FAFF /* QYColor.swift in Sources */ = {isa = PBXBuildFile; fileRef = 045C61E124D815460080FAFF /* QYColor.swift */; };
		045C620F24D815470080FAFF /* QYData.swift in Sources */ = {isa = PBXBuildFile; fileRef = 045C61E224D815460080FAFF /* QYData.swift */; };
		045C621024D815470080FAFF /* QYBlockGesture.swift in Sources */ = {isa = PBXBuildFile; fileRef = 045C61E324D815460080FAFF /* QYBlockGesture.swift */; };
		045C621124D815470080FAFF /* QYDate.swift in Sources */ = {isa = PBXBuildFile; fileRef = 045C61E424D815460080FAFF /* QYDate.swift */; };
		045C621224D815470080FAFF /* QYString.swift in Sources */ = {isa = PBXBuildFile; fileRef = 045C61E524D815460080FAFF /* QYString.swift */; };
		045C621324D815470080FAFF /* QYArray.swift in Sources */ = {isa = PBXBuildFile; fileRef = 045C61E624D815460080FAFF /* QYArray.swift */; };
		045C621424D815470080FAFF /* QYAttributedString.swift in Sources */ = {isa = PBXBuildFile; fileRef = 045C61E724D815460080FAFF /* QYAttributedString.swift */; };
		045C621624D815470080FAFF /* QYOperation.swift in Sources */ = {isa = PBXBuildFile; fileRef = 045C61E924D815460080FAFF /* QYOperation.swift */; };
		045C621724D815470080FAFF /* QYDictionary.swift in Sources */ = {isa = PBXBuildFile; fileRef = 045C61EA24D815460080FAFF /* QYDictionary.swift */; };
		045C621824D815470080FAFF /* QYThen.swift in Sources */ = {isa = PBXBuildFile; fileRef = 045C61EB24D815460080FAFF /* QYThen.swift */; };
		045C621924D815470080FAFF /* QYBaseViewController.swift in Sources */ = {isa = PBXBuildFile; fileRef = 045C61ED24D815460080FAFF /* QYBaseViewController.swift */; };
		045C621A24D815470080FAFF /* QYBaseNavigationController.swift in Sources */ = {isa = PBXBuildFile; fileRef = 045C61EE24D815460080FAFF /* QYBaseNavigationController.swift */; };
		045C621B24D815470080FAFF /* QYBaseCollectionView.swift in Sources */ = {isa = PBXBuildFile; fileRef = 045C61EF24D815460080FAFF /* QYBaseCollectionView.swift */; };
		045C621C24D815470080FAFF /* QYBaseTableView.swift in Sources */ = {isa = PBXBuildFile; fileRef = 045C61F024D815460080FAFF /* QYBaseTableView.swift */; };
		045C621D24D815470080FAFF /* QYHUD.swift in Sources */ = {isa = PBXBuildFile; fileRef = 045C61F324D815460080FAFF /* QYHUD.swift */; };
		045C621E24D815470080FAFF /* QYCountDownButton.swift in Sources */ = {isa = PBXBuildFile; fileRef = 045C61F524D815470080FAFF /* QYCountDownButton.swift */; };
		045C621F24D815470080FAFF /* QYDatePickerViewController.swift in Sources */ = {isa = PBXBuildFile; fileRef = 045C61F624D815470080FAFF /* QYDatePickerViewController.swift */; };
		045C622024D815470080FAFF /* QYAlert.swift in Sources */ = {isa = PBXBuildFile; fileRef = 045C61F724D815470080FAFF /* QYAlert.swift */; };
		045C622124D815470080FAFF /* QYLocation.swift in Sources */ = {isa = PBXBuildFile; fileRef = 045C61F924D815470080FAFF /* QYLocation.swift */; };
		045C622224D815470080FAFF /* address-code.json in Resources */ = {isa = PBXBuildFile; fileRef = 045C61FB24D815470080FAFF /* address-code.json */; };
		045C622324D815470080FAFF /* QYAppInfo.swift in Sources */ = {isa = PBXBuildFile; fileRef = 045C61FD24D815470080FAFF /* QYAppInfo.swift */; };
		045C622424D815470080FAFF /* QYSystem.swift in Sources */ = {isa = PBXBuildFile; fileRef = 045C61FE24D815470080FAFF /* QYSystem.swift */; };
		045C622524D815470080FAFF /* QYRegular.swift in Sources */ = {isa = PBXBuildFile; fileRef = 045C61FF24D815470080FAFF /* QYRegular.swift */; };
		045C622624D815470080FAFF /* QYPermissionsDetection.swift in Sources */ = {isa = PBXBuildFile; fileRef = 045C620024D815470080FAFF /* QYPermissionsDetection.swift */; };
		045C622724D815470080FAFF /* QYToolManager.swift in Sources */ = {isa = PBXBuildFile; fileRef = 045C620124D815470080FAFF /* QYToolManager.swift */; };
		045C622924D815470080FAFF /* QYTouchIDManager.swift in Sources */ = {isa = PBXBuildFile; fileRef = 045C620324D815470080FAFF /* QYTouchIDManager.swift */; };
		04824C00253FE56B00FEB336 /* QYGradientLabel.swift in Sources */ = {isa = PBXBuildFile; fileRef = 04824BFF253FE56B00FEB336 /* QYGradientLabel.swift */; };
		048CD62E25397CCD00E8BC75 /* QYCameraController.swift in Sources */ = {isa = PBXBuildFile; fileRef = 048CD62D25397CCD00E8BC75 /* QYCameraController.swift */; };
		04931F8F253EE81C0095A773 /* QYCustomDataType.swift in Sources */ = {isa = PBXBuildFile; fileRef = 04931F8E253EE81C0095A773 /* QYCustomDataType.swift */; };
		04A52DBE24F9026A00A71142 /* MyViewController.swift in Sources */ = {isa = PBXBuildFile; fileRef = 04A52DBD24F9026A00A71142 /* MyViewController.swift */; };
		04BADA8F24F7A99B004FA99F /* QYPageView.swift in Sources */ = {isa = PBXBuildFile; fileRef = 04BADA8E24F7A99B004FA99F /* QYPageView.swift */; };
		04C6AB2324C7E33B009C348D /* ViewController.swift in Sources */ = {isa = PBXBuildFile; fileRef = 04C6AB1A24C7E33B009C348D /* ViewController.swift */; };
		04C6AB2424C7E33B009C348D /* Assets.xcassets in Resources */ = {isa = PBXBuildFile; fileRef = 04C6AB1B24C7E33B009C348D /* Assets.xcassets */; };
		04C6AB2524C7E33B009C348D /* LaunchScreen.storyboard in Resources */ = {isa = PBXBuildFile; fileRef = 04C6AB1C24C7E33B009C348D /* LaunchScreen.storyboard */; };
		04C6AB2624C7E33B009C348D /* Main.storyboard in Resources */ = {isa = PBXBuildFile; fileRef = 04C6AB1E24C7E33B009C348D /* Main.storyboard */; };
		04C6AB2724C7E33B009C348D /* NoData.png in Resources */ = {isa = PBXBuildFile; fileRef = 04C6AB2024C7E33B009C348D /* NoData.png */; };
		04C6AB2824C7E33B009C348D /* AppDelegate.swift in Sources */ = {isa = PBXBuildFile; fileRef = 04C6AB2124C7E33B009C348D /* AppDelegate.swift */; };
		04FA089924C82BED00B695C4 /* README.md in Resources */ = {isa = PBXBuildFile; fileRef = 04FA089824C82BED00B695C4 /* README.md */; };
		04FA089B24C82BF600B695C4 /* QYKit.podspec in Resources */ = {isa = PBXBuildFile; fileRef = 04FA089A24C82BF600B695C4 /* QYKit.podspec */; };
		04FB64C32501DDDD00CCAEBB /* Images.xcassets in Resources */ = {isa = PBXBuildFile; fileRef = 04FB64C22501DDDD00CCAEBB /* Images.xcassets */; };
		938CD3D9C3D9A0E933374077 /* Pods_QYKitDemo.framework in Frameworks */ = {isa = PBXBuildFile; fileRef = BA9D30B75E934813E876663D /* Pods_QYKitDemo.framework */; };
/* End PBXBuildFile section */

/* Begin PBXContainerItemProxy section */
		04901FD5249CA2650086A508 /* PBXContainerItemProxy */ = {
			isa = PBXContainerItemProxy;
			containerPortal = 04901FB6249CA25F0086A508 /* Project object */;
			proxyType = 1;
			remoteGlobalIDString = 04901FBD249CA25F0086A508;
			remoteInfo = YJSwiftKit;
		};
		04901FE0249CA2650086A508 /* PBXContainerItemProxy */ = {
			isa = PBXContainerItemProxy;
			containerPortal = 04901FB6249CA25F0086A508 /* Project object */;
			proxyType = 1;
			remoteGlobalIDString = 04901FBD249CA25F0086A508;
			remoteInfo = YJSwiftKit;
		};
/* End PBXContainerItemProxy section */

/* Begin PBXFileReference section */
		040AAF78253D8D1C006C48B5 /* QYCodable.swift */ = {isa = PBXFileReference; lastKnownFileType = sourcecode.swift; path = QYCodable.swift; sourceTree = "<group>"; };
		040E859824F5085600002267 /* QYTableViewDelegate.swift */ = {isa = PBXFileReference; lastKnownFileType = sourcecode.swift; path = QYTableViewDelegate.swift; sourceTree = "<group>"; };
		045C61D624D815460080FAFF /* QYButton.swift */ = {isa = PBXFileReference; fileEncoding = 4; lastKnownFileType = sourcecode.swift; path = QYButton.swift; sourceTree = "<group>"; };
		045C61D724D815460080FAFF /* QYTextView.swift */ = {isa = PBXFileReference; fileEncoding = 4; lastKnownFileType = sourcecode.swift; path = QYTextView.swift; sourceTree = "<group>"; };
		045C61D824D815460080FAFF /* QYView.swift */ = {isa = PBXFileReference; fileEncoding = 4; lastKnownFileType = sourcecode.swift; path = QYView.swift; sourceTree = "<group>"; };
		045C61D924D815460080FAFF /* QYTextField.swift */ = {isa = PBXFileReference; fileEncoding = 4; lastKnownFileType = sourcecode.swift; path = QYTextField.swift; sourceTree = "<group>"; };
		045C61DA24D815460080FAFF /* QYLabel.swift */ = {isa = PBXFileReference; fileEncoding = 4; lastKnownFileType = sourcecode.swift; path = QYLabel.swift; sourceTree = "<group>"; };
		045C61DB24D815460080FAFF /* QYImage.swift */ = {isa = PBXFileReference; fileEncoding = 4; lastKnownFileType = sourcecode.swift; path = QYImage.swift; sourceTree = "<group>"; };
		045C61DC24D815460080FAFF /* QYViewController.swift */ = {isa = PBXFileReference; fileEncoding = 4; lastKnownFileType = sourcecode.swift; path = QYViewController.swift; sourceTree = "<group>"; };
		045C61DE24D815460080FAFF /* QYDevice.swift */ = {isa = PBXFileReference; fileEncoding = 4; lastKnownFileType = sourcecode.swift; path = QYDevice.swift; sourceTree = "<group>"; };
		045C61DF24D815460080FAFF /* QYObject.swift */ = {isa = PBXFileReference; fileEncoding = 4; lastKnownFileType = sourcecode.swift; path = QYObject.swift; sourceTree = "<group>"; };
		045C61E024D815460080FAFF /* QYDispatchQueue.swift */ = {isa = PBXFileReference; fileEncoding = 4; lastKnownFileType = sourcecode.swift; path = QYDispatchQueue.swift; sourceTree = "<group>"; };
		045C61E124D815460080FAFF /* QYColor.swift */ = {isa = PBXFileReference; fileEncoding = 4; lastKnownFileType = sourcecode.swift; path = QYColor.swift; sourceTree = "<group>"; };
		045C61E224D815460080FAFF /* QYData.swift */ = {isa = PBXFileReference; fileEncoding = 4; lastKnownFileType = sourcecode.swift; path = QYData.swift; sourceTree = "<group>"; };
		045C61E324D815460080FAFF /* QYBlockGesture.swift */ = {isa = PBXFileReference; fileEncoding = 4; lastKnownFileType = sourcecode.swift; path = QYBlockGesture.swift; sourceTree = "<group>"; };
		045C61E424D815460080FAFF /* QYDate.swift */ = {isa = PBXFileReference; fileEncoding = 4; lastKnownFileType = sourcecode.swift; path = QYDate.swift; sourceTree = "<group>"; };
		045C61E524D815460080FAFF /* QYString.swift */ = {isa = PBXFileReference; fileEncoding = 4; lastKnownFileType = sourcecode.swift; path = QYString.swift; sourceTree = "<group>"; };
		045C61E624D815460080FAFF /* QYArray.swift */ = {isa = PBXFileReference; fileEncoding = 4; lastKnownFileType = sourcecode.swift; path = QYArray.swift; sourceTree = "<group>"; };
		045C61E724D815460080FAFF /* QYAttributedString.swift */ = {isa = PBXFileReference; fileEncoding = 4; lastKnownFileType = sourcecode.swift; path = QYAttributedString.swift; sourceTree = "<group>"; };
		045C61E924D815460080FAFF /* QYOperation.swift */ = {isa = PBXFileReference; fileEncoding = 4; lastKnownFileType = sourcecode.swift; path = QYOperation.swift; sourceTree = "<group>"; };
		045C61EA24D815460080FAFF /* QYDictionary.swift */ = {isa = PBXFileReference; fileEncoding = 4; lastKnownFileType = sourcecode.swift; path = QYDictionary.swift; sourceTree = "<group>"; };
		045C61EB24D815460080FAFF /* QYThen.swift */ = {isa = PBXFileReference; fileEncoding = 4; lastKnownFileType = sourcecode.swift; path = QYThen.swift; sourceTree = "<group>"; };
		045C61ED24D815460080FAFF /* QYBaseViewController.swift */ = {isa = PBXFileReference; fileEncoding = 4; lastKnownFileType = sourcecode.swift; path = QYBaseViewController.swift; sourceTree = "<group>"; };
		045C61EE24D815460080FAFF /* QYBaseNavigationController.swift */ = {isa = PBXFileReference; fileEncoding = 4; lastKnownFileType = sourcecode.swift; path = QYBaseNavigationController.swift; sourceTree = "<group>"; };
		045C61EF24D815460080FAFF /* QYBaseCollectionView.swift */ = {isa = PBXFileReference; fileEncoding = 4; lastKnownFileType = sourcecode.swift; path = QYBaseCollectionView.swift; sourceTree = "<group>"; };
		045C61F024D815460080FAFF /* QYBaseTableView.swift */ = {isa = PBXFileReference; fileEncoding = 4; lastKnownFileType = sourcecode.swift; path = QYBaseTableView.swift; sourceTree = "<group>"; };
		045C61F324D815460080FAFF /* QYHUD.swift */ = {isa = PBXFileReference; fileEncoding = 4; lastKnownFileType = sourcecode.swift; path = QYHUD.swift; sourceTree = "<group>"; };
		045C61F524D815470080FAFF /* QYCountDownButton.swift */ = {isa = PBXFileReference; fileEncoding = 4; lastKnownFileType = sourcecode.swift; path = QYCountDownButton.swift; sourceTree = "<group>"; };
		045C61F624D815470080FAFF /* QYDatePickerViewController.swift */ = {isa = PBXFileReference; fileEncoding = 4; lastKnownFileType = sourcecode.swift; path = QYDatePickerViewController.swift; sourceTree = "<group>"; };
		045C61F724D815470080FAFF /* QYAlert.swift */ = {isa = PBXFileReference; fileEncoding = 4; lastKnownFileType = sourcecode.swift; path = QYAlert.swift; sourceTree = "<group>"; };
		045C61F924D815470080FAFF /* QYLocation.swift */ = {isa = PBXFileReference; fileEncoding = 4; lastKnownFileType = sourcecode.swift; path = QYLocation.swift; sourceTree = "<group>"; };
		045C61FB24D815470080FAFF /* address-code.json */ = {isa = PBXFileReference; fileEncoding = 4; lastKnownFileType = text.json; path = "address-code.json"; sourceTree = "<group>"; };
		045C61FD24D815470080FAFF /* QYAppInfo.swift */ = {isa = PBXFileReference; fileEncoding = 4; lastKnownFileType = sourcecode.swift; path = QYAppInfo.swift; sourceTree = "<group>"; };
		045C61FE24D815470080FAFF /* QYSystem.swift */ = {isa = PBXFileReference; fileEncoding = 4; lastKnownFileType = sourcecode.swift; path = QYSystem.swift; sourceTree = "<group>"; };
		045C61FF24D815470080FAFF /* QYRegular.swift */ = {isa = PBXFileReference; fileEncoding = 4; lastKnownFileType = sourcecode.swift; path = QYRegular.swift; sourceTree = "<group>"; };
		045C620024D815470080FAFF /* QYPermissionsDetection.swift */ = {isa = PBXFileReference; fileEncoding = 4; lastKnownFileType = sourcecode.swift; path = QYPermissionsDetection.swift; sourceTree = "<group>"; };
		045C620124D815470080FAFF /* QYToolManager.swift */ = {isa = PBXFileReference; fileEncoding = 4; lastKnownFileType = sourcecode.swift; path = QYToolManager.swift; sourceTree = "<group>"; };
		045C620324D815470080FAFF /* QYTouchIDManager.swift */ = {isa = PBXFileReference; fileEncoding = 4; lastKnownFileType = sourcecode.swift; path = QYTouchIDManager.swift; sourceTree = "<group>"; };
		04824BFF253FE56B00FEB336 /* QYGradientLabel.swift */ = {isa = PBXFileReference; lastKnownFileType = sourcecode.swift; path = QYGradientLabel.swift; sourceTree = "<group>"; };
		048583A724CAE993006D98F8 /* MyPlayground.playground */ = {isa = PBXFileReference; lastKnownFileType = file.playground; path = MyPlayground.playground; sourceTree = "<group>"; xcLanguageSpecificationIdentifier = xcode.lang.swift; };
		048CD62D25397CCD00E8BC75 /* QYCameraController.swift */ = {isa = PBXFileReference; fileEncoding = 4; lastKnownFileType = sourcecode.swift; path = QYCameraController.swift; sourceTree = "<group>"; };
		04901FBE249CA25F0086A508 /* QYKitDemo.app */ = {isa = PBXFileReference; explicitFileType = wrapper.application; includeInIndex = 0; path = QYKitDemo.app; sourceTree = BUILT_PRODUCTS_DIR; };
		04901FD4249CA2650086A508 /* QYKitDemoTests.xctest */ = {isa = PBXFileReference; explicitFileType = wrapper.cfbundle; includeInIndex = 0; path = QYKitDemoTests.xctest; sourceTree = BUILT_PRODUCTS_DIR; };
		04901FDF249CA2650086A508 /* QYKitDemoUITests.xctest */ = {isa = PBXFileReference; explicitFileType = wrapper.cfbundle; includeInIndex = 0; path = QYKitDemoUITests.xctest; sourceTree = BUILT_PRODUCTS_DIR; };
		04931F8E253EE81C0095A773 /* QYCustomDataType.swift */ = {isa = PBXFileReference; lastKnownFileType = sourcecode.swift; path = QYCustomDataType.swift; sourceTree = "<group>"; };
		04A52DBD24F9026A00A71142 /* MyViewController.swift */ = {isa = PBXFileReference; lastKnownFileType = sourcecode.swift; path = MyViewController.swift; sourceTree = "<group>"; };
		04BADA8E24F7A99B004FA99F /* QYPageView.swift */ = {isa = PBXFileReference; lastKnownFileType = sourcecode.swift; path = QYPageView.swift; sourceTree = "<group>"; };
		04C6AB1A24C7E33B009C348D /* ViewController.swift */ = {isa = PBXFileReference; fileEncoding = 4; lastKnownFileType = sourcecode.swift; path = ViewController.swift; sourceTree = "<group>"; };
		04C6AB1B24C7E33B009C348D /* Assets.xcassets */ = {isa = PBXFileReference; lastKnownFileType = folder.assetcatalog; path = Assets.xcassets; sourceTree = "<group>"; };
		04C6AB1D24C7E33B009C348D /* Base */ = {isa = PBXFileReference; lastKnownFileType = file.storyboard; name = Base; path = Base.lproj/LaunchScreen.storyboard; sourceTree = "<group>"; };
		04C6AB1F24C7E33B009C348D /* Base */ = {isa = PBXFileReference; lastKnownFileType = file.storyboard; name = Base; path = Base.lproj/Main.storyboard; sourceTree = "<group>"; };
		04C6AB2024C7E33B009C348D /* NoData.png */ = {isa = PBXFileReference; lastKnownFileType = image.png; path = NoData.png; sourceTree = "<group>"; };
		04C6AB2124C7E33B009C348D /* AppDelegate.swift */ = {isa = PBXFileReference; fileEncoding = 4; lastKnownFileType = sourcecode.swift; path = AppDelegate.swift; sourceTree = "<group>"; };
		04C6AB2224C7E33B009C348D /* Info.plist */ = {isa = PBXFileReference; fileEncoding = 4; lastKnownFileType = text.plist.xml; path = Info.plist; sourceTree = "<group>"; };
		04FA089824C82BED00B695C4 /* README.md */ = {isa = PBXFileReference; fileEncoding = 4; lastKnownFileType = net.daringfireball.markdown; name = README.md; path = ../../README.md; sourceTree = "<group>"; };
		04FA089A24C82BF600B695C4 /* QYKit.podspec */ = {isa = PBXFileReference; fileEncoding = 4; lastKnownFileType = text; name = QYKit.podspec; path = ../../QYKit.podspec; sourceTree = "<group>"; };
		04FB64C22501DDDD00CCAEBB /* Images.xcassets */ = {isa = PBXFileReference; lastKnownFileType = folder.assetcatalog; path = Images.xcassets; sourceTree = "<group>"; };
		38518928AD5ACCDA2E21AF37 /* Pods-YJSwiftKit.debug.xcconfig */ = {isa = PBXFileReference; includeInIndex = 1; lastKnownFileType = text.xcconfig; name = "Pods-YJSwiftKit.debug.xcconfig"; path = "Target Support Files/Pods-YJSwiftKit/Pods-YJSwiftKit.debug.xcconfig"; sourceTree = "<group>"; };
		43527D8192BD4580F87ED551 /* Pods-QYKit.release.xcconfig */ = {isa = PBXFileReference; includeInIndex = 1; lastKnownFileType = text.xcconfig; name = "Pods-QYKit.release.xcconfig"; path = "Target Support Files/Pods-QYKit/Pods-QYKit.release.xcconfig"; sourceTree = "<group>"; };
		AA48D6AEB9A67077249D2F96 /* Pods-QYKitDemo.debug.xcconfig */ = {isa = PBXFileReference; includeInIndex = 1; lastKnownFileType = text.xcconfig; name = "Pods-QYKitDemo.debug.xcconfig"; path = "Target Support Files/Pods-QYKitDemo/Pods-QYKitDemo.debug.xcconfig"; sourceTree = "<group>"; };
		BA9D30B75E934813E876663D /* Pods_QYKitDemo.framework */ = {isa = PBXFileReference; explicitFileType = wrapper.framework; includeInIndex = 0; path = Pods_QYKitDemo.framework; sourceTree = BUILT_PRODUCTS_DIR; };
		BD5365B016AE7E3E115D7980 /* Pods-QYKit.debug.xcconfig */ = {isa = PBXFileReference; includeInIndex = 1; lastKnownFileType = text.xcconfig; name = "Pods-QYKit.debug.xcconfig"; path = "Target Support Files/Pods-QYKit/Pods-QYKit.debug.xcconfig"; sourceTree = "<group>"; };
		C855F5FFC743AD93607AA5ED /* Pods-QYKitDemo.release.xcconfig */ = {isa = PBXFileReference; includeInIndex = 1; lastKnownFileType = text.xcconfig; name = "Pods-QYKitDemo.release.xcconfig"; path = "Target Support Files/Pods-QYKitDemo/Pods-QYKitDemo.release.xcconfig"; sourceTree = "<group>"; };
		E70C75C4B2811F67EF626856 /* Pods-YJSwiftKit.release.xcconfig */ = {isa = PBXFileReference; includeInIndex = 1; lastKnownFileType = text.xcconfig; name = "Pods-YJSwiftKit.release.xcconfig"; path = "Target Support Files/Pods-YJSwiftKit/Pods-YJSwiftKit.release.xcconfig"; sourceTree = "<group>"; };
/* End PBXFileReference section */

/* Begin PBXFrameworksBuildPhase section */
		04901FBB249CA25F0086A508 /* Frameworks */ = {
			isa = PBXFrameworksBuildPhase;
			buildActionMask = 2147483647;
			files = (
				938CD3D9C3D9A0E933374077 /* Pods_QYKitDemo.framework in Frameworks */,
			);
			runOnlyForDeploymentPostprocessing = 0;
		};
		04901FD1249CA2650086A508 /* Frameworks */ = {
			isa = PBXFrameworksBuildPhase;
			buildActionMask = 2147483647;
			files = (
			);
			runOnlyForDeploymentPostprocessing = 0;
		};
		04901FDC249CA2650086A508 /* Frameworks */ = {
			isa = PBXFrameworksBuildPhase;
			buildActionMask = 2147483647;
			files = (
			);
			runOnlyForDeploymentPostprocessing = 0;
		};
/* End PBXFrameworksBuildPhase section */

/* Begin PBXGroup section */
		0416421B24CAE183003E19A0 /* other */ = {
			isa = PBXGroup;
			children = (
				04C6AB2024C7E33B009C348D /* NoData.png */,
				04C6AB2124C7E33B009C348D /* AppDelegate.swift */,
				04C6AB1A24C7E33B009C348D /* ViewController.swift */,
				04A52DBD24F9026A00A71142 /* MyViewController.swift */,
				04C6AB1B24C7E33B009C348D /* Assets.xcassets */,
				04C6AB1C24C7E33B009C348D /* LaunchScreen.storyboard */,
				04C6AB1E24C7E33B009C348D /* Main.storyboard */,
			);
			path = other;
			sourceTree = "<group>";
		};
		045C61D324D815460080FAFF /* QYKit */ = {
			isa = PBXGroup;
			children = (
				049F3D4D2542826D00274A95 /* 集成第三方 */,
				04824BF7253FE3CC00FEB336 /* Foundation */,
				04824BF3253FE3B200FEB336 /* UI */,
				04824BF8253FE41700FEB336 /* 功能 */,
				045C61FA24D815470080FAFF /* Resource */,
				045C61FC24D815470080FAFF /* 其它 */,
			);
			path = QYKit;
			sourceTree = "<group>";
		};
		045C61F224D815460080FAFF /* MBHUD */ = {
			isa = PBXGroup;
			children = (
				045C61F324D815460080FAFF /* QYHUD.swift */,
			);
			path = MBHUD;
			sourceTree = "<group>";
		};
		045C61F424D815460080FAFF /* page */ = {
			isa = PBXGroup;
			children = (
				04BADA8E24F7A99B004FA99F /* QYPageView.swift */,
			);
			path = page;
			sourceTree = "<group>";
		};
		045C61FA24D815470080FAFF /* Resource */ = {
			isa = PBXGroup;
			children = (
				045C61FB24D815470080FAFF /* address-code.json */,
				04FB64C22501DDDD00CCAEBB /* Images.xcassets */,
			);
			path = Resource;
			sourceTree = "<group>";
		};
		045C61FC24D815470080FAFF /* 其它 */ = {
			isa = PBXGroup;
			children = (
				045C620124D815470080FAFF /* QYToolManager.swift */,
			);
			path = "其它";
			sourceTree = "<group>";
		};
		04824B29253FDF6800FEB336 /* UIButton */ = {
			isa = PBXGroup;
			children = (
				045C61F524D815470080FAFF /* QYCountDownButton.swift */,
				045C61D624D815460080FAFF /* QYButton.swift */,
			);
			path = UIButton;
			sourceTree = "<group>";
		};
		04824B2D253FDF8F00FEB336 /* UITextView */ = {
			isa = PBXGroup;
			children = (
				045C61D724D815460080FAFF /* QYTextView.swift */,
			);
			path = UITextView;
			sourceTree = "<group>";
		};
		04824B34253FDF9A00FEB336 /* UIView */ = {
			isa = PBXGroup;
			children = (
				045C61D824D815460080FAFF /* QYView.swift */,
			);
			path = UIView;
			sourceTree = "<group>";
		};
		04824B3E253FDFA500FEB336 /* UITextField */ = {
			isa = PBXGroup;
			children = (
				045C61D924D815460080FAFF /* QYTextField.swift */,
			);
			path = UITextField;
			sourceTree = "<group>";
		};
		04824B45253FDFB500FEB336 /* UILabel */ = {
			isa = PBXGroup;
			children = (
				045C61DA24D815460080FAFF /* QYLabel.swift */,
				04824BFF253FE56B00FEB336 /* QYGradientLabel.swift */,
			);
			path = UILabel;
			sourceTree = "<group>";
		};
		04824B4F253FDFC800FEB336 /* UIImage */ = {
			isa = PBXGroup;
			children = (
				045C61DB24D815460080FAFF /* QYImage.swift */,
			);
			path = UIImage;
			sourceTree = "<group>";
		};
		04824B53253FDFDB00FEB336 /* UIViewController */ = {
			isa = PBXGroup;
			children = (
				045C61DC24D815460080FAFF /* QYViewController.swift */,
				045C61ED24D815460080FAFF /* QYBaseViewController.swift */,
			);
			path = UIViewController;
			sourceTree = "<group>";
		};
		04824B68253FE1A100FEB336 /* UITableView */ = {
			isa = PBXGroup;
			children = (
				040E859824F5085600002267 /* QYTableViewDelegate.swift */,
				045C61F024D815460080FAFF /* QYBaseTableView.swift */,
			);
			path = UITableView;
			sourceTree = "<group>";
		};
		04824B6C253FE1C800FEB336 /* UIDevice */ = {
			isa = PBXGroup;
			children = (
				045C61DE24D815460080FAFF /* QYDevice.swift */,
			);
			path = UIDevice;
			sourceTree = "<group>";
		};
		04824B73253FE1DA00FEB336 /* NSObject */ = {
			isa = PBXGroup;
			children = (
				045C61DF24D815460080FAFF /* QYObject.swift */,
			);
			path = NSObject;
			sourceTree = "<group>";
		};
		04824B7D253FE1EB00FEB336 /* DispatchQueue */ = {
			isa = PBXGroup;
			children = (
				045C61E024D815460080FAFF /* QYDispatchQueue.swift */,
			);
			path = DispatchQueue;
			sourceTree = "<group>";
		};
		04824B87253FE20100FEB336 /* UIColor */ = {
			isa = PBXGroup;
			children = (
				045C61E124D815460080FAFF /* QYColor.swift */,
			);
			path = UIColor;
			sourceTree = "<group>";
		};
		04824B8B253FE20F00FEB336 /* Data */ = {
			isa = PBXGroup;
			children = (
				045C61E224D815460080FAFF /* QYData.swift */,
			);
			path = Data;
			sourceTree = "<group>";
		};
		04824B8C253FE21900FEB336 /* UIPanGestureRecognizer */ = {
			isa = PBXGroup;
			children = (
				045C61E324D815460080FAFF /* QYBlockGesture.swift */,
			);
			path = UIPanGestureRecognizer;
			sourceTree = "<group>";
		};
		04824B90253FE22600FEB336 /* Date */ = {
			isa = PBXGroup;
			children = (
				045C61E424D815460080FAFF /* QYDate.swift */,
			);
			path = Date;
			sourceTree = "<group>";
		};
		04824B97253FE23700FEB336 /* String */ = {
			isa = PBXGroup;
			children = (
				045C61E524D815460080FAFF /* QYString.swift */,
				045C61E724D815460080FAFF /* QYAttributedString.swift */,
			);
			path = String;
			sourceTree = "<group>";
		};
		04824B98253FE24800FEB336 /* Array */ = {
			isa = PBXGroup;
			children = (
				045C61E624D815460080FAFF /* QYArray.swift */,
			);
			path = Array;
			sourceTree = "<group>";
		};
		04824B99253FE25400FEB336 /* 运算符 */ = {
			isa = PBXGroup;
			children = (
				045C61E924D815460080FAFF /* QYOperation.swift */,
			);
			path = "运算符";
			sourceTree = "<group>";
		};
		04824BA0253FE26500FEB336 /* Dictionary */ = {
			isa = PBXGroup;
			children = (
				045C61EA24D815460080FAFF /* QYDictionary.swift */,
			);
			path = Dictionary;
			sourceTree = "<group>";
		};
		04824BA7253FE27300FEB336 /* then */ = {
			isa = PBXGroup;
			children = (
				045C61EB24D815460080FAFF /* QYThen.swift */,
			);
			path = then;
			sourceTree = "<group>";
		};
		04824BA8253FE28A00FEB336 /* Codable */ = {
			isa = PBXGroup;
			children = (
				040AAF78253D8D1C006C48B5 /* QYCodable.swift */,
				04931F8E253EE81C0095A773 /* QYCustomDataType.swift */,
			);
			path = Codable;
			sourceTree = "<group>";
		};
		04824BAF253FE29900FEB336 /* UINavigationController */ = {
			isa = PBXGroup;
			children = (
				045C61EE24D815460080FAFF /* QYBaseNavigationController.swift */,
			);
			path = UINavigationController;
			sourceTree = "<group>";
		};
		04824BB3253FE2A600FEB336 /* UICollectionView */ = {
			isa = PBXGroup;
			children = (
				045C61EF24D815460080FAFF /* QYBaseCollectionView.swift */,
			);
			path = UICollectionView;
			sourceTree = "<group>";
		};
		04824BBD253FE2BE00FEB336 /* 相机 */ = {
			isa = PBXGroup;
			children = (
				048CD62D25397CCD00E8BC75 /* QYCameraController.swift */,
			);
			path = "相机";
			sourceTree = "<group>";
		};
		04824BC4253FE2CE00FEB336 /* DatePickerViewController */ = {
			isa = PBXGroup;
			children = (
				045C61F624D815470080FAFF /* QYDatePickerViewController.swift */,
			);
			path = DatePickerViewController;
			sourceTree = "<group>";
		};
		04824BC8253FE2E200FEB336 /* UIAlertController */ = {
			isa = PBXGroup;
			children = (
				045C61F724D815470080FAFF /* QYAlert.swift */,
			);
			path = UIAlertController;
			sourceTree = "<group>";
		};
		04824BCC253FE2F300FEB336 /* 定位 */ = {
			isa = PBXGroup;
			children = (
				045C61F924D815470080FAFF /* QYLocation.swift */,
			);
			path = "定位";
			sourceTree = "<group>";
		};
		04824BD9253FE32600FEB336 /* 指纹 */ = {
			isa = PBXGroup;
			children = (
				045C620324D815470080FAFF /* QYTouchIDManager.swift */,
			);
			path = "指纹";
			sourceTree = "<group>";
		};
		04824BDD253FE33C00FEB336 /* 正则表达式 */ = {
			isa = PBXGroup;
			children = (
				045C61FF24D815470080FAFF /* QYRegular.swift */,
			);
			path = "正则表达式";
			sourceTree = "<group>";
		};
		04824BE1253FE34800FEB336 /* APP 信息 */ = {
			isa = PBXGroup;
			children = (
				045C61FD24D815470080FAFF /* QYAppInfo.swift */,
			);
			path = "APP 信息";
			sourceTree = "<group>";
		};
		04824BE5253FE35900FEB336 /* 权限 */ = {
			isa = PBXGroup;
			children = (
				045C620024D815470080FAFF /* QYPermissionsDetection.swift */,
			);
			path = "权限";
			sourceTree = "<group>";
		};
		04824BE9253FE36C00FEB336 /* 调用系统 */ = {
			isa = PBXGroup;
			children = (
				045C61FE24D815470080FAFF /* QYSystem.swift */,
			);
			path = "调用系统";
			sourceTree = "<group>";
		};
		04824BF3253FE3B200FEB336 /* UI */ = {
			isa = PBXGroup;
			children = (
				045C61F424D815460080FAFF /* page */,
				04824BC4253FE2CE00FEB336 /* DatePickerViewController */,
				04824B6C253FE1C800FEB336 /* UIDevice */,
				04824B68253FE1A100FEB336 /* UITableView */,
				04824B53253FDFDB00FEB336 /* UIViewController */,
				04824B4F253FDFC800FEB336 /* UIImage */,
				04824B45253FDFB500FEB336 /* UILabel */,
				04824B3E253FDFA500FEB336 /* UITextField */,
				04824B34253FDF9A00FEB336 /* UIView */,
				04824B2D253FDF8F00FEB336 /* UITextView */,
				04824B29253FDF6800FEB336 /* UIButton */,
				04824B87253FE20100FEB336 /* UIColor */,
				04824B8C253FE21900FEB336 /* UIPanGestureRecognizer */,
				04824BAF253FE29900FEB336 /* UINavigationController */,
				04824BB3253FE2A600FEB336 /* UICollectionView */,
				04824BC8253FE2E200FEB336 /* UIAlertController */,
			);
			path = UI;
			sourceTree = "<group>";
		};
		04824BF7253FE3CC00FEB336 /* Foundation */ = {
			isa = PBXGroup;
			children = (
				04824B7D253FE1EB00FEB336 /* DispatchQueue */,
				04824B73253FE1DA00FEB336 /* NSObject */,
				04824B8B253FE20F00FEB336 /* Data */,
				04824B90253FE22600FEB336 /* Date */,
				04824B97253FE23700FEB336 /* String */,
				04824B98253FE24800FEB336 /* Array */,
				04824B99253FE25400FEB336 /* 运算符 */,
				04824BA0253FE26500FEB336 /* Dictionary */,
				04824BA7253FE27300FEB336 /* then */,
				04824BA8253FE28A00FEB336 /* Codable */,
			);
			path = Foundation;
			sourceTree = "<group>";
		};
		04824BF8253FE41700FEB336 /* 功能 */ = {
			isa = PBXGroup;
			children = (
				04824BDD253FE33C00FEB336 /* 正则表达式 */,
				04824BE1253FE34800FEB336 /* APP 信息 */,
				04824BE5253FE35900FEB336 /* 权限 */,
				04824BE9253FE36C00FEB336 /* 调用系统 */,
				04824BBD253FE2BE00FEB336 /* 相机 */,
				04824BCC253FE2F300FEB336 /* 定位 */,
				04824BD9253FE32600FEB336 /* 指纹 */,
			);
			path = "功能";
			sourceTree = "<group>";
		};
		04901FB5249CA25F0086A508 = {
			isa = PBXGroup;
			children = (
				04C6AB1924C7E33B009C348D /* QYKitDemo */,
				04901FBF249CA25F0086A508 /* Products */,
				845C6C5FD91046F093DBF41D /* Pods */,
				2C84F23BE2757D374C837F7E /* Frameworks */,
			);
			sourceTree = "<group>";
		};
		04901FBF249CA25F0086A508 /* Products */ = {
			isa = PBXGroup;
			children = (
				04901FBE249CA25F0086A508 /* QYKitDemo.app */,
				04901FD4249CA2650086A508 /* QYKitDemoTests.xctest */,
				04901FDF249CA2650086A508 /* QYKitDemoUITests.xctest */,
			);
			name = Products;
			sourceTree = "<group>";
		};
		049F3D4D2542826D00274A95 /* 集成第三方 */ = {
			isa = PBXGroup;
			children = (
				045C61F224D815460080FAFF /* MBHUD */,
			);
			path = "集成第三方";
			sourceTree = "<group>";
		};
		04C6AB1924C7E33B009C348D /* QYKitDemo */ = {
			isa = PBXGroup;
			children = (
				045C61D324D815460080FAFF /* QYKit */,
				048583A724CAE993006D98F8 /* MyPlayground.playground */,
				04FA089A24C82BF600B695C4 /* QYKit.podspec */,
				04FA089824C82BED00B695C4 /* README.md */,
				04C6AB2224C7E33B009C348D /* Info.plist */,
				0416421B24CAE183003E19A0 /* other */,
			);
			path = QYKitDemo;
			sourceTree = "<group>";
		};
		2C84F23BE2757D374C837F7E /* Frameworks */ = {
			isa = PBXGroup;
			children = (
				BA9D30B75E934813E876663D /* Pods_QYKitDemo.framework */,
			);
			name = Frameworks;
			sourceTree = "<group>";
		};
		845C6C5FD91046F093DBF41D /* Pods */ = {
			isa = PBXGroup;
			children = (
				38518928AD5ACCDA2E21AF37 /* Pods-YJSwiftKit.debug.xcconfig */,
				E70C75C4B2811F67EF626856 /* Pods-YJSwiftKit.release.xcconfig */,
				BD5365B016AE7E3E115D7980 /* Pods-QYKit.debug.xcconfig */,
				43527D8192BD4580F87ED551 /* Pods-QYKit.release.xcconfig */,
				AA48D6AEB9A67077249D2F96 /* Pods-QYKitDemo.debug.xcconfig */,
				C855F5FFC743AD93607AA5ED /* Pods-QYKitDemo.release.xcconfig */,
			);
			path = Pods;
			sourceTree = "<group>";
		};
/* End PBXGroup section */

/* Begin PBXNativeTarget section */
		04901FBD249CA25F0086A508 /* QYKitDemo */ = {
			isa = PBXNativeTarget;
			buildConfigurationList = 04901FE8249CA2650086A508 /* Build configuration list for PBXNativeTarget "QYKitDemo" */;
			buildPhases = (
				A2E50710AE7E4A34B5AE8CAB /* [CP] Check Pods Manifest.lock */,
				04901FBA249CA25F0086A508 /* Sources */,
				04901FBB249CA25F0086A508 /* Frameworks */,
				04901FBC249CA25F0086A508 /* Resources */,
				5EB32D307ABC477F31662559 /* [CP] Embed Pods Frameworks */,
			);
			buildRules = (
			);
			dependencies = (
			);
			name = QYKitDemo;
			productName = YJSwiftKit;
			productReference = 04901FBE249CA25F0086A508 /* QYKitDemo.app */;
			productType = "com.apple.product-type.application";
		};
		04901FD3249CA2650086A508 /* QYKitDemoTests */ = {
			isa = PBXNativeTarget;
			buildConfigurationList = 04901FEB249CA2650086A508 /* Build configuration list for PBXNativeTarget "QYKitDemoTests" */;
			buildPhases = (
				04901FD0249CA2650086A508 /* Sources */,
				04901FD1249CA2650086A508 /* Frameworks */,
				04901FD2249CA2650086A508 /* Resources */,
			);
			buildRules = (
			);
			dependencies = (
				04901FD6249CA2650086A508 /* PBXTargetDependency */,
			);
			name = QYKitDemoTests;
			productName = YJSwiftKitTests;
			productReference = 04901FD4249CA2650086A508 /* QYKitDemoTests.xctest */;
			productType = "com.apple.product-type.bundle.unit-test";
		};
		04901FDE249CA2650086A508 /* QYKitDemoUITests */ = {
			isa = PBXNativeTarget;
			buildConfigurationList = 04901FEE249CA2650086A508 /* Build configuration list for PBXNativeTarget "QYKitDemoUITests" */;
			buildPhases = (
				04901FDB249CA2650086A508 /* Sources */,
				04901FDC249CA2650086A508 /* Frameworks */,
				04901FDD249CA2650086A508 /* Resources */,
			);
			buildRules = (
			);
			dependencies = (
				04901FE1249CA2650086A508 /* PBXTargetDependency */,
			);
			name = QYKitDemoUITests;
			productName = YJSwiftKitUITests;
			productReference = 04901FDF249CA2650086A508 /* QYKitDemoUITests.xctest */;
			productType = "com.apple.product-type.bundle.ui-testing";
		};
/* End PBXNativeTarget section */

/* Begin PBXProject section */
		04901FB6249CA25F0086A508 /* Project object */ = {
			isa = PBXProject;
			attributes = {
				LastSwiftUpdateCheck = 1150;
				LastUpgradeCheck = 1200;
				ORGANIZATIONNAME = "祎";
				TargetAttributes = {
					04901FBD249CA25F0086A508 = {
						CreatedOnToolsVersion = 11.5;
					};
					04901FD3249CA2650086A508 = {
						CreatedOnToolsVersion = 11.5;
						TestTargetID = 04901FBD249CA25F0086A508;
					};
					04901FDE249CA2650086A508 = {
						CreatedOnToolsVersion = 11.5;
						TestTargetID = 04901FBD249CA25F0086A508;
					};
				};
			};
			buildConfigurationList = 04901FB9249CA25F0086A508 /* Build configuration list for PBXProject "QYKitDemo" */;
			compatibilityVersion = "Xcode 9.3";
			developmentRegion = en;
			hasScannedForEncodings = 0;
			knownRegions = (
				en,
				Base,
			);
			mainGroup = 04901FB5249CA25F0086A508;
			productRefGroup = 04901FBF249CA25F0086A508 /* Products */;
			projectDirPath = "";
			projectRoot = "";
			targets = (
				04901FBD249CA25F0086A508 /* QYKitDemo */,
				04901FD3249CA2650086A508 /* QYKitDemoTests */,
				04901FDE249CA2650086A508 /* QYKitDemoUITests */,
			);
		};
/* End PBXProject section */

/* Begin PBXResourcesBuildPhase section */
		04901FBC249CA25F0086A508 /* Resources */ = {
			isa = PBXResourcesBuildPhase;
			buildActionMask = 2147483647;
			files = (
				04FB64C32501DDDD00CCAEBB /* Images.xcassets in Resources */,
				04C6AB2724C7E33B009C348D /* NoData.png in Resources */,
				045C622224D815470080FAFF /* address-code.json in Resources */,
				04C6AB2624C7E33B009C348D /* Main.storyboard in Resources */,
				04FA089924C82BED00B695C4 /* README.md in Resources */,
				04FA089B24C82BF600B695C4 /* QYKit.podspec in Resources */,
				04C6AB2424C7E33B009C348D /* Assets.xcassets in Resources */,
				04C6AB2524C7E33B009C348D /* LaunchScreen.storyboard in Resources */,
			);
			runOnlyForDeploymentPostprocessing = 0;
		};
		04901FD2249CA2650086A508 /* Resources */ = {
			isa = PBXResourcesBuildPhase;
			buildActionMask = 2147483647;
			files = (
			);
			runOnlyForDeploymentPostprocessing = 0;
		};
		04901FDD249CA2650086A508 /* Resources */ = {
			isa = PBXResourcesBuildPhase;
			buildActionMask = 2147483647;
			files = (
			);
			runOnlyForDeploymentPostprocessing = 0;
		};
/* End PBXResourcesBuildPhase section */

/* Begin PBXShellScriptBuildPhase section */
		5EB32D307ABC477F31662559 /* [CP] Embed Pods Frameworks */ = {
			isa = PBXShellScriptBuildPhase;
			buildActionMask = 2147483647;
			files = (
			);
			inputFileListPaths = (
				"${PODS_ROOT}/Target Support Files/Pods-QYKitDemo/Pods-QYKitDemo-frameworks-${CONFIGURATION}-input-files.xcfilelist",
			);
			name = "[CP] Embed Pods Frameworks";
			outputFileListPaths = (
				"${PODS_ROOT}/Target Support Files/Pods-QYKitDemo/Pods-QYKitDemo-frameworks-${CONFIGURATION}-output-files.xcfilelist",
			);
			runOnlyForDeploymentPostprocessing = 0;
			shellPath = /bin/sh;
			shellScript = "\"${PODS_ROOT}/Target Support Files/Pods-QYKitDemo/Pods-QYKitDemo-frameworks.sh\"\n";
			showEnvVarsInLog = 0;
		};
		A2E50710AE7E4A34B5AE8CAB /* [CP] Check Pods Manifest.lock */ = {
			isa = PBXShellScriptBuildPhase;
			buildActionMask = 2147483647;
			files = (
			);
			inputFileListPaths = (
			);
			inputPaths = (
				"${PODS_PODFILE_DIR_PATH}/Podfile.lock",
				"${PODS_ROOT}/Manifest.lock",
			);
			name = "[CP] Check Pods Manifest.lock";
			outputFileListPaths = (
			);
			outputPaths = (
				"$(DERIVED_FILE_DIR)/Pods-QYKitDemo-checkManifestLockResult.txt",
			);
			runOnlyForDeploymentPostprocessing = 0;
			shellPath = /bin/sh;
			shellScript = "diff \"${PODS_PODFILE_DIR_PATH}/Podfile.lock\" \"${PODS_ROOT}/Manifest.lock\" > /dev/null\nif [ $? != 0 ] ; then\n    # print error to STDERR\n    echo \"error: The sandbox is not in sync with the Podfile.lock. Run 'pod install' or update your CocoaPods installation.\" >&2\n    exit 1\nfi\n# This output is used by Xcode 'outputs' to avoid re-running this script phase.\necho \"SUCCESS\" > \"${SCRIPT_OUTPUT_FILE_0}\"\n";
			showEnvVarsInLog = 0;
		};
/* End PBXShellScriptBuildPhase section */

/* Begin PBXSourcesBuildPhase section */
		04901FBA249CA25F0086A508 /* Sources */ = {
			isa = PBXSourcesBuildPhase;
			buildActionMask = 2147483647;
			files = (
				045C622424D815470080FAFF /* QYSystem.swift in Sources */,
				045C622524D815470080FAFF /* QYRegular.swift in Sources */,
				045C621924D815470080FAFF /* QYBaseViewController.swift in Sources */,
				045C622924D815470080FAFF /* QYTouchIDManager.swift in Sources */,
				04BADA8F24F7A99B004FA99F /* QYPageView.swift in Sources */,
				040E859924F5085600002267 /* QYTableViewDelegate.swift in Sources */,
				045C622724D815470080FAFF /* QYToolManager.swift in Sources */,
				045C621F24D815470080FAFF /* QYDatePickerViewController.swift in Sources */,
				04931F8F253EE81C0095A773 /* QYCustomDataType.swift in Sources */,
				04824C00253FE56B00FEB336 /* QYGradientLabel.swift in Sources */,
				045C621824D815470080FAFF /* QYThen.swift in Sources */,
				04C6AB2824C7E33B009C348D /* AppDelegate.swift in Sources */,
				045C620F24D815470080FAFF /* QYData.swift in Sources */,
				045C621D24D815470080FAFF /* QYHUD.swift in Sources */,
				040AAF79253D8D1C006C48B5 /* QYCodable.swift in Sources */,
				045C620A24D815470080FAFF /* QYViewController.swift in Sources */,
				045C620524D815470080FAFF /* QYTextView.swift in Sources */,
				045C621024D815470080FAFF /* QYBlockGesture.swift in Sources */,
				045C620624D815470080FAFF /* QYView.swift in Sources */,
				045C621624D815470080FAFF /* QYOperation.swift in Sources */,
				045C620824D815470080FAFF /* QYLabel.swift in Sources */,
				045C622324D815470080FAFF /* QYAppInfo.swift in Sources */,
				045C622624D815470080FAFF /* QYPermissionsDetection.swift in Sources */,
				045C622024D815470080FAFF /* QYAlert.swift in Sources */,
				045C622124D815470080FAFF /* QYLocation.swift in Sources */,
				045C620E24D815470080FAFF /* QYColor.swift in Sources */,
				048CD62E25397CCD00E8BC75 /* QYCameraController.swift in Sources */,
				045C621C24D815470080FAFF /* QYBaseTableView.swift in Sources */,
				045C620C24D815470080FAFF /* QYObject.swift in Sources */,
				045C621B24D815470080FAFF /* QYBaseCollectionView.swift in Sources */,
				045C620424D815470080FAFF /* QYButton.swift in Sources */,
				045C621A24D815470080FAFF /* QYBaseNavigationController.swift in Sources */,
				045C620D24D815470080FAFF /* QYDispatchQueue.swift in Sources */,
				045C621424D815470080FAFF /* QYAttributedString.swift in Sources */,
				04A52DBE24F9026A00A71142 /* MyViewController.swift in Sources */,
				045C620924D815470080FAFF /* QYImage.swift in Sources */,
				04C6AB2324C7E33B009C348D /* ViewController.swift in Sources */,
				045C620724D815470080FAFF /* QYTextField.swift in Sources */,
				045C621224D815470080FAFF /* QYString.swift in Sources */,
				045C621E24D815470080FAFF /* QYCountDownButton.swift in Sources */,
				045C621324D815470080FAFF /* QYArray.swift in Sources */,
				045C621724D815470080FAFF /* QYDictionary.swift in Sources */,
				045C620B24D815470080FAFF /* QYDevice.swift in Sources */,
				045C621124D815470080FAFF /* QYDate.swift in Sources */,
			);
			runOnlyForDeploymentPostprocessing = 0;
		};
		04901FD0249CA2650086A508 /* Sources */ = {
			isa = PBXSourcesBuildPhase;
			buildActionMask = 2147483647;
			files = (
			);
			runOnlyForDeploymentPostprocessing = 0;
		};
		04901FDB249CA2650086A508 /* Sources */ = {
			isa = PBXSourcesBuildPhase;
			buildActionMask = 2147483647;
			files = (
			);
			runOnlyForDeploymentPostprocessing = 0;
		};
/* End PBXSourcesBuildPhase section */

/* Begin PBXTargetDependency section */
		04901FD6249CA2650086A508 /* PBXTargetDependency */ = {
			isa = PBXTargetDependency;
			target = 04901FBD249CA25F0086A508 /* QYKitDemo */;
			targetProxy = 04901FD5249CA2650086A508 /* PBXContainerItemProxy */;
		};
		04901FE1249CA2650086A508 /* PBXTargetDependency */ = {
			isa = PBXTargetDependency;
			target = 04901FBD249CA25F0086A508 /* QYKitDemo */;
			targetProxy = 04901FE0249CA2650086A508 /* PBXContainerItemProxy */;
		};
/* End PBXTargetDependency section */

/* Begin PBXVariantGroup section */
		04C6AB1C24C7E33B009C348D /* LaunchScreen.storyboard */ = {
			isa = PBXVariantGroup;
			children = (
				04C6AB1D24C7E33B009C348D /* Base */,
			);
			name = LaunchScreen.storyboard;
			sourceTree = "<group>";
		};
		04C6AB1E24C7E33B009C348D /* Main.storyboard */ = {
			isa = PBXVariantGroup;
			children = (
				04C6AB1F24C7E33B009C348D /* Base */,
			);
			name = Main.storyboard;
			sourceTree = "<group>";
		};
/* End PBXVariantGroup section */

/* Begin XCBuildConfiguration section */
		04901FE6249CA2650086A508 /* Debug */ = {
			isa = XCBuildConfiguration;
			buildSettings = {
				ALWAYS_SEARCH_USER_PATHS = NO;
				CLANG_ANALYZER_NONNULL = YES;
				CLANG_ANALYZER_NUMBER_OBJECT_CONVERSION = YES_AGGRESSIVE;
				CLANG_CXX_LANGUAGE_STANDARD = "gnu++14";
				CLANG_CXX_LIBRARY = "libc++";
				CLANG_ENABLE_MODULES = YES;
				CLANG_ENABLE_OBJC_ARC = YES;
				CLANG_ENABLE_OBJC_WEAK = YES;
				CLANG_WARN_BLOCK_CAPTURE_AUTORELEASING = YES;
				CLANG_WARN_BOOL_CONVERSION = YES;
				CLANG_WARN_COMMA = YES;
				CLANG_WARN_CONSTANT_CONVERSION = YES;
				CLANG_WARN_DEPRECATED_OBJC_IMPLEMENTATIONS = YES;
				CLANG_WARN_DIRECT_OBJC_ISA_USAGE = YES_ERROR;
				CLANG_WARN_DOCUMENTATION_COMMENTS = YES;
				CLANG_WARN_EMPTY_BODY = YES;
				CLANG_WARN_ENUM_CONVERSION = YES;
				CLANG_WARN_INFINITE_RECURSION = YES;
				CLANG_WARN_INT_CONVERSION = YES;
				CLANG_WARN_NON_LITERAL_NULL_CONVERSION = YES;
				CLANG_WARN_OBJC_IMPLICIT_RETAIN_SELF = YES;
				CLANG_WARN_OBJC_LITERAL_CONVERSION = YES;
				CLANG_WARN_OBJC_ROOT_CLASS = YES_ERROR;
				CLANG_WARN_QUOTED_INCLUDE_IN_FRAMEWORK_HEADER = YES;
				CLANG_WARN_RANGE_LOOP_ANALYSIS = YES;
				CLANG_WARN_STRICT_PROTOTYPES = YES;
				CLANG_WARN_SUSPICIOUS_MOVE = YES;
				CLANG_WARN_UNGUARDED_AVAILABILITY = YES_AGGRESSIVE;
				CLANG_WARN_UNREACHABLE_CODE = YES;
				CLANG_WARN__DUPLICATE_METHOD_MATCH = YES;
				COPY_PHASE_STRIP = NO;
				DEBUG_INFORMATION_FORMAT = dwarf;
				ENABLE_STRICT_OBJC_MSGSEND = YES;
				ENABLE_TESTABILITY = YES;
				GCC_C_LANGUAGE_STANDARD = gnu11;
				GCC_DYNAMIC_NO_PIC = NO;
				GCC_NO_COMMON_BLOCKS = YES;
				GCC_OPTIMIZATION_LEVEL = 0;
				GCC_PREPROCESSOR_DEFINITIONS = (
					"DEBUG=1",
					"$(inherited)",
				);
				GCC_WARN_64_TO_32_BIT_CONVERSION = YES;
				GCC_WARN_ABOUT_RETURN_TYPE = YES_ERROR;
				GCC_WARN_UNDECLARED_SELECTOR = YES;
				GCC_WARN_UNINITIALIZED_AUTOS = YES_AGGRESSIVE;
				GCC_WARN_UNUSED_FUNCTION = YES;
				GCC_WARN_UNUSED_VARIABLE = YES;
				IPHONEOS_DEPLOYMENT_TARGET = 13.5;
				MTL_ENABLE_DEBUG_INFO = INCLUDE_SOURCE;
				MTL_FAST_MATH = YES;
				ONLY_ACTIVE_ARCH = YES;
				SDKROOT = iphoneos;
				SWIFT_ACTIVE_COMPILATION_CONDITIONS = DEBUG;
				SWIFT_OPTIMIZATION_LEVEL = "-Onone";
			};
			name = Debug;
		};
		04901FE7249CA2650086A508 /* Release */ = {
			isa = XCBuildConfiguration;
			buildSettings = {
				ALWAYS_SEARCH_USER_PATHS = NO;
				CLANG_ANALYZER_NONNULL = YES;
				CLANG_ANALYZER_NUMBER_OBJECT_CONVERSION = YES_AGGRESSIVE;
				CLANG_CXX_LANGUAGE_STANDARD = "gnu++14";
				CLANG_CXX_LIBRARY = "libc++";
				CLANG_ENABLE_MODULES = YES;
				CLANG_ENABLE_OBJC_ARC = YES;
				CLANG_ENABLE_OBJC_WEAK = YES;
				CLANG_WARN_BLOCK_CAPTURE_AUTORELEASING = YES;
				CLANG_WARN_BOOL_CONVERSION = YES;
				CLANG_WARN_COMMA = YES;
				CLANG_WARN_CONSTANT_CONVERSION = YES;
				CLANG_WARN_DEPRECATED_OBJC_IMPLEMENTATIONS = YES;
				CLANG_WARN_DIRECT_OBJC_ISA_USAGE = YES_ERROR;
				CLANG_WARN_DOCUMENTATION_COMMENTS = YES;
				CLANG_WARN_EMPTY_BODY = YES;
				CLANG_WARN_ENUM_CONVERSION = YES;
				CLANG_WARN_INFINITE_RECURSION = YES;
				CLANG_WARN_INT_CONVERSION = YES;
				CLANG_WARN_NON_LITERAL_NULL_CONVERSION = YES;
				CLANG_WARN_OBJC_IMPLICIT_RETAIN_SELF = YES;
				CLANG_WARN_OBJC_LITERAL_CONVERSION = YES;
				CLANG_WARN_OBJC_ROOT_CLASS = YES_ERROR;
				CLANG_WARN_QUOTED_INCLUDE_IN_FRAMEWORK_HEADER = YES;
				CLANG_WARN_RANGE_LOOP_ANALYSIS = YES;
				CLANG_WARN_STRICT_PROTOTYPES = YES;
				CLANG_WARN_SUSPICIOUS_MOVE = YES;
				CLANG_WARN_UNGUARDED_AVAILABILITY = YES_AGGRESSIVE;
				CLANG_WARN_UNREACHABLE_CODE = YES;
				CLANG_WARN__DUPLICATE_METHOD_MATCH = YES;
				COPY_PHASE_STRIP = NO;
				DEBUG_INFORMATION_FORMAT = "dwarf-with-dsym";
				ENABLE_NS_ASSERTIONS = NO;
				ENABLE_STRICT_OBJC_MSGSEND = YES;
				GCC_C_LANGUAGE_STANDARD = gnu11;
				GCC_NO_COMMON_BLOCKS = YES;
				GCC_WARN_64_TO_32_BIT_CONVERSION = YES;
				GCC_WARN_ABOUT_RETURN_TYPE = YES_ERROR;
				GCC_WARN_UNDECLARED_SELECTOR = YES;
				GCC_WARN_UNINITIALIZED_AUTOS = YES_AGGRESSIVE;
				GCC_WARN_UNUSED_FUNCTION = YES;
				GCC_WARN_UNUSED_VARIABLE = YES;
				IPHONEOS_DEPLOYMENT_TARGET = 13.5;
				MTL_ENABLE_DEBUG_INFO = NO;
				MTL_FAST_MATH = YES;
				SDKROOT = iphoneos;
				SWIFT_COMPILATION_MODE = wholemodule;
				SWIFT_OPTIMIZATION_LEVEL = "-O";
				VALIDATE_PRODUCT = YES;
			};
			name = Release;
		};
		04901FE9249CA2650086A508 /* Debug */ = {
			isa = XCBuildConfiguration;
			baseConfigurationReference = AA48D6AEB9A67077249D2F96 /* Pods-QYKitDemo.debug.xcconfig */;
			buildSettings = {
				ASSETCATALOG_COMPILER_APPICON_NAME = AppIcon;
				CODE_SIGN_STYLE = Automatic;
				DEVELOPMENT_TEAM = 63X4PDHZJB;
				INFOPLIST_FILE = "$(SRCROOT)/QYKitDemo/Info.plist";
				IPHONEOS_DEPLOYMENT_TARGET = 12.0;
				LD_RUNPATH_SEARCH_PATHS = (
					"$(inherited)",
					"@executable_path/Frameworks",
				);
				PRODUCT_BUNDLE_IDENTIFIER = com.mk.QYKit;
				PRODUCT_NAME = "$(TARGET_NAME)";
				SWIFT_VERSION = 5.0;
				TARGETED_DEVICE_FAMILY = "1,2";
			};
			name = Debug;
		};
		04901FEA249CA2650086A508 /* Release */ = {
			isa = XCBuildConfiguration;
			baseConfigurationReference = C855F5FFC743AD93607AA5ED /* Pods-QYKitDemo.release.xcconfig */;
			buildSettings = {
				ASSETCATALOG_COMPILER_APPICON_NAME = AppIcon;
				CODE_SIGN_STYLE = Automatic;
				DEVELOPMENT_TEAM = 63X4PDHZJB;
				INFOPLIST_FILE = "$(SRCROOT)/QYKitDemo/Info.plist";
				IPHONEOS_DEPLOYMENT_TARGET = 12.0;
				LD_RUNPATH_SEARCH_PATHS = (
					"$(inherited)",
					"@executable_path/Frameworks",
				);
				PRODUCT_BUNDLE_IDENTIFIER = com.mk.QYKit;
				PRODUCT_NAME = "$(TARGET_NAME)";
				SWIFT_VERSION = 5.0;
				TARGETED_DEVICE_FAMILY = "1,2";
			};
			name = Release;
		};
		04901FEC249CA2650086A508 /* Debug */ = {
			isa = XCBuildConfiguration;
			buildSettings = {
				ALWAYS_EMBED_SWIFT_STANDARD_LIBRARIES = YES;
				BUNDLE_LOADER = "$(TEST_HOST)";
				CODE_SIGN_STYLE = Automatic;
				DEVELOPMENT_TEAM = 63X4PDHZJB;
				INFOPLIST_FILE = YJSwiftKitTests/Info.plist;
				IPHONEOS_DEPLOYMENT_TARGET = 13.5;
				LD_RUNPATH_SEARCH_PATHS = (
					"$(inherited)",
					"@executable_path/Frameworks",
					"@loader_path/Frameworks",
				);
				PRODUCT_BUNDLE_IDENTIFIER = com.mk.YJSwiftKitTests;
				PRODUCT_NAME = "$(TARGET_NAME)";
				SWIFT_VERSION = 5.0;
				TARGETED_DEVICE_FAMILY = "1,2";
				TEST_HOST = "$(BUILT_PRODUCTS_DIR)/QYKitDemo.app/QYKitDemo";
			};
			name = Debug;
		};
		04901FED249CA2650086A508 /* Release */ = {
			isa = XCBuildConfiguration;
			buildSettings = {
				ALWAYS_EMBED_SWIFT_STANDARD_LIBRARIES = YES;
				BUNDLE_LOADER = "$(TEST_HOST)";
				CODE_SIGN_STYLE = Automatic;
				DEVELOPMENT_TEAM = 63X4PDHZJB;
				INFOPLIST_FILE = YJSwiftKitTests/Info.plist;
				IPHONEOS_DEPLOYMENT_TARGET = 13.5;
				LD_RUNPATH_SEARCH_PATHS = (
					"$(inherited)",
					"@executable_path/Frameworks",
					"@loader_path/Frameworks",
				);
				PRODUCT_BUNDLE_IDENTIFIER = com.mk.YJSwiftKitTests;
				PRODUCT_NAME = "$(TARGET_NAME)";
				SWIFT_VERSION = 5.0;
				TARGETED_DEVICE_FAMILY = "1,2";
				TEST_HOST = "$(BUILT_PRODUCTS_DIR)/QYKitDemo.app/QYKitDemo";
			};
			name = Release;
		};
		04901FEF249CA2650086A508 /* Debug */ = {
			isa = XCBuildConfiguration;
			buildSettings = {
				ALWAYS_EMBED_SWIFT_STANDARD_LIBRARIES = YES;
				CODE_SIGN_STYLE = Automatic;
				DEVELOPMENT_TEAM = 63X4PDHZJB;
				INFOPLIST_FILE = YJSwiftKitUITests/Info.plist;
				LD_RUNPATH_SEARCH_PATHS = (
					"$(inherited)",
					"@executable_path/Frameworks",
					"@loader_path/Frameworks",
				);
				PRODUCT_BUNDLE_IDENTIFIER = com.mk.YJSwiftKitUITests;
				PRODUCT_NAME = "$(TARGET_NAME)";
				SWIFT_VERSION = 5.0;
				TARGETED_DEVICE_FAMILY = "1,2";
				TEST_TARGET_NAME = YJSwiftKit;
			};
			name = Debug;
		};
		04901FF0249CA2650086A508 /* Release */ = {
			isa = XCBuildConfiguration;
			buildSettings = {
				ALWAYS_EMBED_SWIFT_STANDARD_LIBRARIES = YES;
				CODE_SIGN_STYLE = Automatic;
				DEVELOPMENT_TEAM = 63X4PDHZJB;
				INFOPLIST_FILE = YJSwiftKitUITests/Info.plist;
				LD_RUNPATH_SEARCH_PATHS = (
					"$(inherited)",
					"@executable_path/Frameworks",
					"@loader_path/Frameworks",
				);
				PRODUCT_BUNDLE_IDENTIFIER = com.mk.YJSwiftKitUITests;
				PRODUCT_NAME = "$(TARGET_NAME)";
				SWIFT_VERSION = 5.0;
				TARGETED_DEVICE_FAMILY = "1,2";
				TEST_TARGET_NAME = YJSwiftKit;
			};
			name = Release;
		};
/* End XCBuildConfiguration section */

/* Begin XCConfigurationList section */
		04901FB9249CA25F0086A508 /* Build configuration list for PBXProject "QYKitDemo" */ = {
			isa = XCConfigurationList;
			buildConfigurations = (
				04901FE6249CA2650086A508 /* Debug */,
				04901FE7249CA2650086A508 /* Release */,
			);
			defaultConfigurationIsVisible = 0;
			defaultConfigurationName = Release;
		};
		04901FE8249CA2650086A508 /* Build configuration list for PBXNativeTarget "QYKitDemo" */ = {
			isa = XCConfigurationList;
			buildConfigurations = (
				04901FE9249CA2650086A508 /* Debug */,
				04901FEA249CA2650086A508 /* Release */,
			);
			defaultConfigurationIsVisible = 0;
			defaultConfigurationName = Release;
		};
		04901FEB249CA2650086A508 /* Build configuration list for PBXNativeTarget "QYKitDemoTests" */ = {
			isa = XCConfigurationList;
			buildConfigurations = (
				04901FEC249CA2650086A508 /* Debug */,
				04901FED249CA2650086A508 /* Release */,
			);
			defaultConfigurationIsVisible = 0;
			defaultConfigurationName = Release;
		};
		04901FEE249CA2650086A508 /* Build configuration list for PBXNativeTarget "QYKitDemoUITests" */ = {
			isa = XCConfigurationList;
			buildConfigurations = (
				04901FEF249CA2650086A508 /* Debug */,
				04901FF0249CA2650086A508 /* Release */,
			);
			defaultConfigurationIsVisible = 0;
			defaultConfigurationName = Release;
		};
/* End XCConfigurationList section */
	};
	rootObject = 04901FB6249CA25F0086A508 /* Project object */;
}
