// !$*UTF8*$!
{
	archiveVersion = 1;
	classes = {
	};
	objectVersion = 51;
	objects = {

/* Begin PBXBuildFile section */
		04A52DBE24F9026A00A71142 /* MyViewController.swift in Sources */ = {isa = PBXBuildFile; fileRef = 04A52DBD24F9026A00A71142 /* MyViewController.swift */; };
		04C6AB2324C7E33B009C348D /* ViewController.swift in Sources */ = {isa = PBXBuildFile; fileRef = 04C6AB1A24C7E33B009C348D /* ViewController.swift */; };
		04C6AB2424C7E33B009C348D /* Assets.xcassets in Resources */ = {isa = PBXBuildFile; fileRef = 04C6AB1B24C7E33B009C348D /* Assets.xcassets */; };
		04C6AB2524C7E33B009C348D /* LaunchScreen.storyboard in Resources */ = {isa = PBXBuildFile; fileRef = 04C6AB1C24C7E33B009C348D /* LaunchScreen.storyboard */; };
		04C6AB2624C7E33B009C348D /* Main.storyboard in Resources */ = {isa = PBXBuildFile; fileRef = 04C6AB1E24C7E33B009C348D /* Main.storyboard */; };
		04C6AB2724C7E33B009C348D /* NoData.png in Resources */ = {isa = PBXBuildFile; fileRef = 04C6AB2024C7E33B009C348D /* NoData.png */; };
		04C6AB2824C7E33B009C348D /* AppDelegate.swift in Sources */ = {isa = PBXBuildFile; fileRef = 04C6AB2124C7E33B009C348D /* AppDelegate.swift */; };
		04EBEBBE254AACE7000B706F /* QYImage.swift in Sources */ = {isa = PBXBuildFile; fileRef = 04EBEB84254AACE6000B706F /* QYImage.swift */; };
		04EBEBBF254AACE7000B706F /* QYPageView.swift in Sources */ = {isa = PBXBuildFile; fileRef = 04EBEB86254AACE6000B706F /* QYPageView.swift */; };
		04EBEBC0254AACE7000B706F /* QYLabel.swift in Sources */ = {isa = PBXBuildFile; fileRef = 04EBEB88254AACE6000B706F /* QYLabel.swift */; };
		04EBEBC1254AACE7000B706F /* QYGradientLabel.swift in Sources */ = {isa = PBXBuildFile; fileRef = 04EBEB89254AACE6000B706F /* QYGradientLabel.swift */; };
		04EBEBC2254AACE7000B706F /* QYButton.swift in Sources */ = {isa = PBXBuildFile; fileRef = 04EBEB8B254AACE6000B706F /* QYButton.swift */; };
		04EBEBC3254AACE7000B706F /* QYCountDownButton.swift in Sources */ = {isa = PBXBuildFile; fileRef = 04EBEB8C254AACE6000B706F /* QYCountDownButton.swift */; };
		04EBEBC4254AACE7000B706F /* QYColor.swift in Sources */ = {isa = PBXBuildFile; fileRef = 04EBEB8E254AACE6000B706F /* QYColor.swift */; };
		04EBEBC5254AACE7000B706F /* QYAlert.swift in Sources */ = {isa = PBXBuildFile; fileRef = 04EBEB90254AACE6000B706F /* QYAlert.swift */; };
		04EBEBC6254AACE7000B706F /* QYView.swift in Sources */ = {isa = PBXBuildFile; fileRef = 04EBEB92254AACE6000B706F /* QYView.swift */; };
		04EBEBC7254AACE7000B706F /* QYDatePickerViewController.swift in Sources */ = {isa = PBXBuildFile; fileRef = 04EBEB94254AACE6000B706F /* QYDatePickerViewController.swift */; };
		04EBEBC8254AACE7000B706F /* QYTextView.swift in Sources */ = {isa = PBXBuildFile; fileRef = 04EBEB96254AACE6000B706F /* QYTextView.swift */; };
		04EBEBC9254AACE7000B706F /* QYBlockGesture.swift in Sources */ = {isa = PBXBuildFile; fileRef = 04EBEB98254AACE6000B706F /* QYBlockGesture.swift */; };
		04EBEBCA254AACE7000B706F /* QYDevice.swift in Sources */ = {isa = PBXBuildFile; fileRef = 04EBEB9A254AACE6000B706F /* QYDevice.swift */; };
		04EBEBCB254AACE7000B706F /* QYBaseCollectionView.swift in Sources */ = {isa = PBXBuildFile; fileRef = 04EBEB9C254AACE6000B706F /* QYBaseCollectionView.swift */; };
		04EBEBCC254AACE7000B706F /* QYBaseViewController.swift in Sources */ = {isa = PBXBuildFile; fileRef = 04EBEB9E254AACE6000B706F /* QYBaseViewController.swift */; };
		04EBEBCD254AACE7000B706F /* QYViewController.swift in Sources */ = {isa = PBXBuildFile; fileRef = 04EBEB9F254AACE6000B706F /* QYViewController.swift */; };
		04EBEBCE254AACE7000B706F /* QYBaseNavigationController.swift in Sources */ = {isa = PBXBuildFile; fileRef = 04EBEBA1254AACE6000B706F /* QYBaseNavigationController.swift */; };
		04EBEBCF254AACE7000B706F /* QYTableViewDelegate.swift in Sources */ = {isa = PBXBuildFile; fileRef = 04EBEBA3254AACE6000B706F /* QYTableViewDelegate.swift */; };
		04EBEBD0254AACE7000B706F /* QYBaseTableView.swift in Sources */ = {isa = PBXBuildFile; fileRef = 04EBEBA4254AACE6000B706F /* QYBaseTableView.swift */; };
		04EBEBD1254AACE7000B706F /* QYTextField.swift in Sources */ = {isa = PBXBuildFile; fileRef = 04EBEBA6254AACE6000B706F /* QYTextField.swift */; };
		04EBEBD2254AACE7000B706F /* QYToolManager.swift in Sources */ = {isa = PBXBuildFile; fileRef = 04EBEBA8254AACE6000B706F /* QYToolManager.swift */; };
		04EBEBD3254AACE7000B706F /* QYHUD.swift in Sources */ = {isa = PBXBuildFile; fileRef = 04EBEBAB254AACE6000B706F /* QYHUD.swift */; };
		04EBEBD4254AACE7000B706F /* QYRegular.swift in Sources */ = {isa = PBXBuildFile; fileRef = 04EBEBAE254AACE6000B706F /* QYRegular.swift */; };
		04EBEBD5254AACE7000B706F /* QYSystem.swift in Sources */ = {isa = PBXBuildFile; fileRef = 04EBEBB0254AACE6000B706F /* QYSystem.swift */; };
		04EBEBD6254AACE7000B706F /* QYAppInfo.swift in Sources */ = {isa = PBXBuildFile; fileRef = 04EBEBB2254AACE6000B706F /* QYAppInfo.swift */; };
		04EBEBD7254AACE7000B706F /* QYTouchIDManager.swift in Sources */ = {isa = PBXBuildFile; fileRef = 04EBEBB4254AACE6000B706F /* QYTouchIDManager.swift */; };
		04EBEBD8254AACE7000B706F /* QYLocation.swift in Sources */ = {isa = PBXBuildFile; fileRef = 04EBEBB6254AACE6000B706F /* QYLocation.swift */; };
		04EBEBD9254AACE7000B706F /* QYPermissionsDetection.swift in Sources */ = {isa = PBXBuildFile; fileRef = 04EBEBB8254AACE6000B706F /* QYPermissionsDetection.swift */; };
		04EBEBDA254AACE7000B706F /* QYCameraController.swift in Sources */ = {isa = PBXBuildFile; fileRef = 04EBEBBA254AACE6000B706F /* QYCameraController.swift */; };
		04EBEBDB254AACE7000B706F /* address-code.json in Resources */ = {isa = PBXBuildFile; fileRef = 04EBEBBC254AACE7000B706F /* address-code.json */; };
		04EBEBDC254AACE7000B706F /* Images.xcassets in Resources */ = {isa = PBXBuildFile; fileRef = 04EBEBBD254AACE7000B706F /* Images.xcassets */; };
		04EBEC01254AAD4E000B706F /* QYThen.swift in Sources */ = {isa = PBXBuildFile; fileRef = 04EBEBEC254AAD4E000B706F /* QYThen.swift */; };
		04EBEC02254AAD4E000B706F /* QYDispatchQueue.swift in Sources */ = {isa = PBXBuildFile; fileRef = 04EBEBEE254AAD4E000B706F /* QYDispatchQueue.swift */; };
		04EBEC03254AAD4E000B706F /* QYCustomDataType.swift in Sources */ = {isa = PBXBuildFile; fileRef = 04EBEBF0254AAD4E000B706F /* QYCustomDataType.swift */; };
		04EBEC04254AAD4E000B706F /* QYCodable.swift in Sources */ = {isa = PBXBuildFile; fileRef = 04EBEBF1254AAD4E000B706F /* QYCodable.swift */; };
		04EBEC05254AAD4E000B706F /* QYArray.swift in Sources */ = {isa = PBXBuildFile; fileRef = 04EBEBF3254AAD4E000B706F /* QYArray.swift */; };
		04EBEC06254AAD4E000B706F /* QYDate.swift in Sources */ = {isa = PBXBuildFile; fileRef = 04EBEBF5254AAD4E000B706F /* QYDate.swift */; };
		04EBEC07254AAD4E000B706F /* QYDictionary.swift in Sources */ = {isa = PBXBuildFile; fileRef = 04EBEBF7254AAD4E000B706F /* QYDictionary.swift */; };
		04EBEC08254AAD4E000B706F /* QYOperation.swift in Sources */ = {isa = PBXBuildFile; fileRef = 04EBEBF9254AAD4E000B706F /* QYOperation.swift */; };
		04EBEC09254AAD4E000B706F /* QYString.swift in Sources */ = {isa = PBXBuildFile; fileRef = 04EBEBFB254AAD4E000B706F /* QYString.swift */; };
		04EBEC0A254AAD4E000B706F /* QYAttributedString.swift in Sources */ = {isa = PBXBuildFile; fileRef = 04EBEBFC254AAD4E000B706F /* QYAttributedString.swift */; };
		04EBEC0B254AAD4E000B706F /* QYObject.swift in Sources */ = {isa = PBXBuildFile; fileRef = 04EBEBFE254AAD4E000B706F /* QYObject.swift */; };
		04EBEC0C254AAD4E000B706F /* QYData.swift in Sources */ = {isa = PBXBuildFile; fileRef = 04EBEC00254AAD4E000B706F /* QYData.swift */; };
		04FA089924C82BED00B695C4 /* README.md in Resources */ = {isa = PBXBuildFile; fileRef = 04FA089824C82BED00B695C4 /* README.md */; };
		04FA089B24C82BF600B695C4 /* QYKit.podspec in Resources */ = {isa = PBXBuildFile; fileRef = 04FA089A24C82BF600B695C4 /* QYKit.podspec */; };
		938CD3D9C3D9A0E933374077 /* Pods_QYKitDemo.framework in Frameworks */ = {isa = PBXBuildFile; fileRef = BA9D30B75E934813E876663D /* Pods_QYKitDemo.framework */; };
/* End PBXBuildFile section */

/* Begin PBXContainerItemProxy section */
		04901FD5249CA2650086A508 /* PBXContainerItemProxy */ = {
			isa = PBXContainerItemProxy;
			containerPortal = 04901FB6249CA25F0086A508 /* Project object */;
			proxyType = 1;
			remoteGlobalIDString = 04901FBD249CA25F0086A508;
			remoteInfo = YJSwiftKit;
		};
		04901FE0249CA2650086A508 /* PBXContainerItemProxy */ = {
			isa = PBXContainerItemProxy;
			containerPortal = 04901FB6249CA25F0086A508 /* Project object */;
			proxyType = 1;
			remoteGlobalIDString = 04901FBD249CA25F0086A508;
			remoteInfo = YJSwiftKit;
		};
/* End PBXContainerItemProxy section */

/* Begin PBXFileReference section */
		048583A724CAE993006D98F8 /* MyPlayground.playground */ = {isa = PBXFileReference; lastKnownFileType = file.playground; path = MyPlayground.playground; sourceTree = "<group>"; xcLanguageSpecificationIdentifier = xcode.lang.swift; };
		04901FBE249CA25F0086A508 /* QYKitDemo.app */ = {isa = PBXFileReference; explicitFileType = wrapper.application; includeInIndex = 0; path = QYKitDemo.app; sourceTree = BUILT_PRODUCTS_DIR; };
		04901FD4249CA2650086A508 /* QYKitDemoTests.xctest */ = {isa = PBXFileReference; explicitFileType = wrapper.cfbundle; includeInIndex = 0; path = QYKitDemoTests.xctest; sourceTree = BUILT_PRODUCTS_DIR; };
		04901FDF249CA2650086A508 /* QYKitDemoUITests.xctest */ = {isa = PBXFileReference; explicitFileType = wrapper.cfbundle; includeInIndex = 0; path = QYKitDemoUITests.xctest; sourceTree = BUILT_PRODUCTS_DIR; };
		04A52DBD24F9026A00A71142 /* MyViewController.swift */ = {isa = PBXFileReference; lastKnownFileType = sourcecode.swift; path = MyViewController.swift; sourceTree = "<group>"; };
		04C6AB1A24C7E33B009C348D /* ViewController.swift */ = {isa = PBXFileReference; fileEncoding = 4; lastKnownFileType = sourcecode.swift; path = ViewController.swift; sourceTree = "<group>"; };
		04C6AB1B24C7E33B009C348D /* Assets.xcassets */ = {isa = PBXFileReference; lastKnownFileType = folder.assetcatalog; path = Assets.xcassets; sourceTree = "<group>"; };
		04C6AB1D24C7E33B009C348D /* Base */ = {isa = PBXFileReference; lastKnownFileType = file.storyboard; name = Base; path = Base.lproj/LaunchScreen.storyboard; sourceTree = "<group>"; };
		04C6AB1F24C7E33B009C348D /* Base */ = {isa = PBXFileReference; lastKnownFileType = file.storyboard; name = Base; path = Base.lproj/Main.storyboard; sourceTree = "<group>"; };
		04C6AB2024C7E33B009C348D /* NoData.png */ = {isa = PBXFileReference; lastKnownFileType = image.png; path = NoData.png; sourceTree = "<group>"; };
		04C6AB2124C7E33B009C348D /* AppDelegate.swift */ = {isa = PBXFileReference; fileEncoding = 4; lastKnownFileType = sourcecode.swift; path = AppDelegate.swift; sourceTree = "<group>"; };
		04C6AB2224C7E33B009C348D /* Info.plist */ = {isa = PBXFileReference; fileEncoding = 4; lastKnownFileType = text.plist.xml; path = Info.plist; sourceTree = "<group>"; };
		04EBEB84254AACE6000B706F /* QYImage.swift */ = {isa = PBXFileReference; fileEncoding = 4; lastKnownFileType = sourcecode.swift; path = QYImage.swift; sourceTree = "<group>"; };
		04EBEB86254AACE6000B706F /* QYPageView.swift */ = {isa = PBXFileReference; fileEncoding = 4; lastKnownFileType = sourcecode.swift; path = QYPageView.swift; sourceTree = "<group>"; };
		04EBEB88254AACE6000B706F /* QYLabel.swift */ = {isa = PBXFileReference; fileEncoding = 4; lastKnownFileType = sourcecode.swift; path = QYLabel.swift; sourceTree = "<group>"; };
		04EBEB89254AACE6000B706F /* QYGradientLabel.swift */ = {isa = PBXFileReference; fileEncoding = 4; lastKnownFileType = sourcecode.swift; path = QYGradientLabel.swift; sourceTree = "<group>"; };
		04EBEB8B254AACE6000B706F /* QYButton.swift */ = {isa = PBXFileReference; fileEncoding = 4; lastKnownFileType = sourcecode.swift; path = QYButton.swift; sourceTree = "<group>"; };
		04EBEB8C254AACE6000B706F /* QYCountDownButton.swift */ = {isa = PBXFileReference; fileEncoding = 4; lastKnownFileType = sourcecode.swift; path = QYCountDownButton.swift; sourceTree = "<group>"; };
		04EBEB8E254AACE6000B706F /* QYColor.swift */ = {isa = PBXFileReference; fileEncoding = 4; lastKnownFileType = sourcecode.swift; path = QYColor.swift; sourceTree = "<group>"; };
		04EBEB90254AACE6000B706F /* QYAlert.swift */ = {isa = PBXFileReference; fileEncoding = 4; lastKnownFileType = sourcecode.swift; path = QYAlert.swift; sourceTree = "<group>"; };
		04EBEB92254AACE6000B706F /* QYView.swift */ = {isa = PBXFileReference; fileEncoding = 4; lastKnownFileType = sourcecode.swift; path = QYView.swift; sourceTree = "<group>"; };
		04EBEB94254AACE6000B706F /* QYDatePickerViewController.swift */ = {isa = PBXFileReference; fileEncoding = 4; lastKnownFileType = sourcecode.swift; path = QYDatePickerViewController.swift; sourceTree = "<group>"; };
		04EBEB96254AACE6000B706F /* QYTextView.swift */ = {isa = PBXFileReference; fileEncoding = 4; lastKnownFileType = sourcecode.swift; path = QYTextView.swift; sourceTree = "<group>"; };
		04EBEB98254AACE6000B706F /* QYBlockGesture.swift */ = {isa = PBXFileReference; fileEncoding = 4; lastKnownFileType = sourcecode.swift; path = QYBlockGesture.swift; sourceTree = "<group>"; };
		04EBEB9A254AACE6000B706F /* QYDevice.swift */ = {isa = PBXFileReference; fileEncoding = 4; lastKnownFileType = sourcecode.swift; path = QYDevice.swift; sourceTree = "<group>"; };
		04EBEB9C254AACE6000B706F /* QYBaseCollectionView.swift */ = {isa = PBXFileReference; fileEncoding = 4; lastKnownFileType = sourcecode.swift; path = QYBaseCollectionView.swift; sourceTree = "<group>"; };
		04EBEB9E254AACE6000B706F /* QYBaseViewController.swift */ = {isa = PBXFileReference; fileEncoding = 4; lastKnownFileType = sourcecode.swift; path = QYBaseViewController.swift; sourceTree = "<group>"; };
		04EBEB9F254AACE6000B706F /* QYViewController.swift */ = {isa = PBXFileReference; fileEncoding = 4; lastKnownFileType = sourcecode.swift; path = QYViewController.swift; sourceTree = "<group>"; };
		04EBEBA1254AACE6000B706F /* QYBaseNavigationController.swift */ = {isa = PBXFileReference; fileEncoding = 4; lastKnownFileType = sourcecode.swift; path = QYBaseNavigationController.swift; sourceTree = "<group>"; };
		04EBEBA3254AACE6000B706F /* QYTableViewDelegate.swift */ = {isa = PBXFileReference; fileEncoding = 4; lastKnownFileType = sourcecode.swift; path = QYTableViewDelegate.swift; sourceTree = "<group>"; };
		04EBEBA4254AACE6000B706F /* QYBaseTableView.swift */ = {isa = PBXFileReference; fileEncoding = 4; lastKnownFileType = sourcecode.swift; path = QYBaseTableView.swift; sourceTree = "<group>"; };
		04EBEBA6254AACE6000B706F /* QYTextField.swift */ = {isa = PBXFileReference; fileEncoding = 4; lastKnownFileType = sourcecode.swift; path = QYTextField.swift; sourceTree = "<group>"; };
		04EBEBA8254AACE6000B706F /* QYToolManager.swift */ = {isa = PBXFileReference; fileEncoding = 4; lastKnownFileType = sourcecode.swift; path = QYToolManager.swift; sourceTree = "<group>"; };
		04EBEBAB254AACE6000B706F /* QYHUD.swift */ = {isa = PBXFileReference; fileEncoding = 4; lastKnownFileType = sourcecode.swift; path = QYHUD.swift; sourceTree = "<group>"; };
		04EBEBAE254AACE6000B706F /* QYRegular.swift */ = {isa = PBXFileReference; fileEncoding = 4; lastKnownFileType = sourcecode.swift; path = QYRegular.swift; sourceTree = "<group>"; };
		04EBEBB0254AACE6000B706F /* QYSystem.swift */ = {isa = PBXFileReference; fileEncoding = 4; lastKnownFileType = sourcecode.swift; path = QYSystem.swift; sourceTree = "<group>"; };
		04EBEBB2254AACE6000B706F /* QYAppInfo.swift */ = {isa = PBXFileReference; fileEncoding = 4; lastKnownFileType = sourcecode.swift; path = QYAppInfo.swift; sourceTree = "<group>"; };
		04EBEBB4254AACE6000B706F /* QYTouchIDManager.swift */ = {isa = PBXFileReference; fileEncoding = 4; lastKnownFileType = sourcecode.swift; path = QYTouchIDManager.swift; sourceTree = "<group>"; };
		04EBEBB6254AACE6000B706F /* QYLocation.swift */ = {isa = PBXFileReference; fileEncoding = 4; lastKnownFileType = sourcecode.swift; path = QYLocation.swift; sourceTree = "<group>"; };
		04EBEBB8254AACE6000B706F /* QYPermissionsDetection.swift */ = {isa = PBXFileReference; fileEncoding = 4; lastKnownFileType = sourcecode.swift; path = QYPermissionsDetection.swift; sourceTree = "<group>"; };
		04EBEBBA254AACE6000B706F /* QYCameraController.swift */ = {isa = PBXFileReference; fileEncoding = 4; lastKnownFileType = sourcecode.swift; path = QYCameraController.swift; sourceTree = "<group>"; };
		04EBEBBC254AACE7000B706F /* address-code.json */ = {isa = PBXFileReference; fileEncoding = 4; lastKnownFileType = text.json; path = "address-code.json"; sourceTree = "<group>"; };
		04EBEBBD254AACE7000B706F /* Images.xcassets */ = {isa = PBXFileReference; lastKnownFileType = folder.assetcatalog; path = Images.xcassets; sourceTree = "<group>"; };
		04EBEBEC254AAD4E000B706F /* QYThen.swift */ = {isa = PBXFileReference; fileEncoding = 4; lastKnownFileType = sourcecode.swift; path = QYThen.swift; sourceTree = "<group>"; };
		04EBEBEE254AAD4E000B706F /* QYDispatchQueue.swift */ = {isa = PBXFileReference; fileEncoding = 4; lastKnownFileType = sourcecode.swift; path = QYDispatchQueue.swift; sourceTree = "<group>"; };
		04EBEBF0254AAD4E000B706F /* QYCustomDataType.swift */ = {isa = PBXFileReference; fileEncoding = 4; lastKnownFileType = sourcecode.swift; path = QYCustomDataType.swift; sourceTree = "<group>"; };
		04EBEBF1254AAD4E000B706F /* QYCodable.swift */ = {isa = PBXFileReference; fileEncoding = 4; lastKnownFileType = sourcecode.swift; path = QYCodable.swift; sourceTree = "<group>"; };
		04EBEBF3254AAD4E000B706F /* QYArray.swift */ = {isa = PBXFileReference; fileEncoding = 4; lastKnownFileType = sourcecode.swift; path = QYArray.swift; sourceTree = "<group>"; };
		04EBEBF5254AAD4E000B706F /* QYDate.swift */ = {isa = PBXFileReference; fileEncoding = 4; lastKnownFileType = sourcecode.swift; path = QYDate.swift; sourceTree = "<group>"; };
		04EBEBF7254AAD4E000B706F /* QYDictionary.swift */ = {isa = PBXFileReference; fileEncoding = 4; lastKnownFileType = sourcecode.swift; path = QYDictionary.swift; sourceTree = "<group>"; };
		04EBEBF9254AAD4E000B706F /* QYOperation.swift */ = {isa = PBXFileReference; fileEncoding = 4; lastKnownFileType = sourcecode.swift; path = QYOperation.swift; sourceTree = "<group>"; };
		04EBEBFB254AAD4E000B706F /* QYString.swift */ = {isa = PBXFileReference; fileEncoding = 4; lastKnownFileType = sourcecode.swift; path = QYString.swift; sourceTree = "<group>"; };
		04EBEBFC254AAD4E000B706F /* QYAttributedString.swift */ = {isa = PBXFileReference; fileEncoding = 4; lastKnownFileType = sourcecode.swift; path = QYAttributedString.swift; sourceTree = "<group>"; };
		04EBEBFE254AAD4E000B706F /* QYObject.swift */ = {isa = PBXFileReference; fileEncoding = 4; lastKnownFileType = sourcecode.swift; path = QYObject.swift; sourceTree = "<group>"; };
		04EBEC00254AAD4E000B706F /* QYData.swift */ = {isa = PBXFileReference; fileEncoding = 4; lastKnownFileType = sourcecode.swift; path = QYData.swift; sourceTree = "<group>"; };
		04FA089824C82BED00B695C4 /* README.md */ = {isa = PBXFileReference; fileEncoding = 4; lastKnownFileType = net.daringfireball.markdown; name = README.md; path = ../../README.md; sourceTree = "<group>"; };
		04FA089A24C82BF600B695C4 /* QYKit.podspec */ = {isa = PBXFileReference; fileEncoding = 4; lastKnownFileType = text; name = QYKit.podspec; path = ../../QYKit.podspec; sourceTree = "<group>"; };
		38518928AD5ACCDA2E21AF37 /* Pods-YJSwiftKit.debug.xcconfig */ = {isa = PBXFileReference; includeInIndex = 1; lastKnownFileType = text.xcconfig; name = "Pods-YJSwiftKit.debug.xcconfig"; path = "Target Support Files/Pods-YJSwiftKit/Pods-YJSwiftKit.debug.xcconfig"; sourceTree = "<group>"; };
		43527D8192BD4580F87ED551 /* Pods-QYKit.release.xcconfig */ = {isa = PBXFileReference; includeInIndex = 1; lastKnownFileType = text.xcconfig; name = "Pods-QYKit.release.xcconfig"; path = "Target Support Files/Pods-QYKit/Pods-QYKit.release.xcconfig"; sourceTree = "<group>"; };
		AA48D6AEB9A67077249D2F96 /* Pods-QYKitDemo.debug.xcconfig */ = {isa = PBXFileReference; includeInIndex = 1; lastKnownFileType = text.xcconfig; name = "Pods-QYKitDemo.debug.xcconfig"; path = "Target Support Files/Pods-QYKitDemo/Pods-QYKitDemo.debug.xcconfig"; sourceTree = "<group>"; };
		BA9D30B75E934813E876663D /* Pods_QYKitDemo.framework */ = {isa = PBXFileReference; explicitFileType = wrapper.framework; includeInIndex = 0; path = Pods_QYKitDemo.framework; sourceTree = BUILT_PRODUCTS_DIR; };
		BD5365B016AE7E3E115D7980 /* Pods-QYKit.debug.xcconfig */ = {isa = PBXFileReference; includeInIndex = 1; lastKnownFileType = text.xcconfig; name = "Pods-QYKit.debug.xcconfig"; path = "Target Support Files/Pods-QYKit/Pods-QYKit.debug.xcconfig"; sourceTree = "<group>"; };
		C855F5FFC743AD93607AA5ED /* Pods-QYKitDemo.release.xcconfig */ = {isa = PBXFileReference; includeInIndex = 1; lastKnownFileType = text.xcconfig; name = "Pods-QYKitDemo.release.xcconfig"; path = "Target Support Files/Pods-QYKitDemo/Pods-QYKitDemo.release.xcconfig"; sourceTree = "<group>"; };
		E70C75C4B2811F67EF626856 /* Pods-YJSwiftKit.release.xcconfig */ = {isa = PBXFileReference; includeInIndex = 1; lastKnownFileType = text.xcconfig; name = "Pods-YJSwiftKit.release.xcconfig"; path = "Target Support Files/Pods-YJSwiftKit/Pods-YJSwiftKit.release.xcconfig"; sourceTree = "<group>"; };
/* End PBXFileReference section */

/* Begin PBXFrameworksBuildPhase section */
		04901FBB249CA25F0086A508 /* Frameworks */ = {
			isa = PBXFrameworksBuildPhase;
			buildActionMask = 2147483647;
			files = (
				938CD3D9C3D9A0E933374077 /* Pods_QYKitDemo.framework in Frameworks */,
			);
			runOnlyForDeploymentPostprocessing = 0;
		};
		04901FD1249CA2650086A508 /* Frameworks */ = {
			isa = PBXFrameworksBuildPhase;
			buildActionMask = 2147483647;
			files = (
			);
			runOnlyForDeploymentPostprocessing = 0;
		};
		04901FDC249CA2650086A508 /* Frameworks */ = {
			isa = PBXFrameworksBuildPhase;
			buildActionMask = 2147483647;
			files = (
			);
			runOnlyForDeploymentPostprocessing = 0;
		};
/* End PBXFrameworksBuildPhase section */

/* Begin PBXGroup section */
		0416421B24CAE183003E19A0 /* other */ = {
			isa = PBXGroup;
			children = (
				04C6AB2024C7E33B009C348D /* NoData.png */,
				04C6AB2124C7E33B009C348D /* AppDelegate.swift */,
				04C6AB1A24C7E33B009C348D /* ViewController.swift */,
				04A52DBD24F9026A00A71142 /* MyViewController.swift */,
				04C6AB1B24C7E33B009C348D /* Assets.xcassets */,
				04C6AB1C24C7E33B009C348D /* LaunchScreen.storyboard */,
				04C6AB1E24C7E33B009C348D /* Main.storyboard */,
			);
			path = other;
			sourceTree = "<group>";
		};
		04901FB5249CA25F0086A508 = {
			isa = PBXGroup;
			children = (
				04C6AB1924C7E33B009C348D /* QYKitDemo */,
				04901FBF249CA25F0086A508 /* Products */,
				845C6C5FD91046F093DBF41D /* Pods */,
				2C84F23BE2757D374C837F7E /* Frameworks */,
			);
			sourceTree = "<group>";
		};
		04901FBF249CA25F0086A508 /* Products */ = {
			isa = PBXGroup;
			children = (
				04901FBE249CA25F0086A508 /* QYKitDemo.app */,
				04901FD4249CA2650086A508 /* QYKitDemoTests.xctest */,
				04901FDF249CA2650086A508 /* QYKitDemoUITests.xctest */,
			);
			name = Products;
			sourceTree = "<group>";
		};
		04C6AB1924C7E33B009C348D /* QYKitDemo */ = {
			isa = PBXGroup;
			children = (
				04EBEB81254AACE6000B706F /* QYKit */,
				048583A724CAE993006D98F8 /* MyPlayground.playground */,
				04FA089A24C82BF600B695C4 /* QYKit.podspec */,
				04FA089824C82BED00B695C4 /* README.md */,
				04C6AB2224C7E33B009C348D /* Info.plist */,
				0416421B24CAE183003E19A0 /* other */,
			);
			path = QYKitDemo;
			sourceTree = "<group>";
		};
		04EBEB81254AACE6000B706F /* QYKit */ = {
			isa = PBXGroup;
			children = (
				04EBEBEA254AAD4E000B706F /* Foundation */,
				04EBEB82254AACE6000B706F /* UI */,
				04EBEBA7254AACE6000B706F /* 其它 */,
				04EBEBA9254AACE6000B706F /* 集成第三方 */,
				04EBEBAC254AACE6000B706F /* 功能 */,
				04EBEBBB254AACE7000B706F /* Resource */,
			);
			name = QYKit;
			path = ../../QYKit;
			sourceTree = "<group>";
		};
		04EBEB82254AACE6000B706F /* UI */ = {
			isa = PBXGroup;
			children = (
				04EBEB83254AACE6000B706F /* UIImage */,
				04EBEB85254AACE6000B706F /* page */,
				04EBEB87254AACE6000B706F /* UILabel */,
				04EBEB8A254AACE6000B706F /* UIButton */,
				04EBEB8D254AACE6000B706F /* UIColor */,
				04EBEB8F254AACE6000B706F /* UIAlertController */,
				04EBEB91254AACE6000B706F /* UIView */,
				04EBEB93254AACE6000B706F /* DatePickerViewController */,
				04EBEB95254AACE6000B706F /* UITextView */,
				04EBEB97254AACE6000B706F /* UIPanGestureRecognizer */,
				04EBEB99254AACE6000B706F /* UIDevice */,
				04EBEB9B254AACE6000B706F /* UICollectionView */,
				04EBEB9D254AACE6000B706F /* UIViewController */,
				04EBEBA0254AACE6000B706F /* UINavigationController */,
				04EBEBA2254AACE6000B706F /* UITableView */,
				04EBEBA5254AACE6000B706F /* UITextField */,
			);
			path = UI;
			sourceTree = "<group>";
		};
		04EBEB83254AACE6000B706F /* UIImage */ = {
			isa = PBXGroup;
			children = (
				04EBEB84254AACE6000B706F /* QYImage.swift */,
			);
			path = UIImage;
			sourceTree = "<group>";
		};
		04EBEB85254AACE6000B706F /* page */ = {
			isa = PBXGroup;
			children = (
				04EBEB86254AACE6000B706F /* QYPageView.swift */,
			);
			path = page;
			sourceTree = "<group>";
		};
		04EBEB87254AACE6000B706F /* UILabel */ = {
			isa = PBXGroup;
			children = (
				04EBEB88254AACE6000B706F /* QYLabel.swift */,
				04EBEB89254AACE6000B706F /* QYGradientLabel.swift */,
			);
			path = UILabel;
			sourceTree = "<group>";
		};
		04EBEB8A254AACE6000B706F /* UIButton */ = {
			isa = PBXGroup;
			children = (
				04EBEB8B254AACE6000B706F /* QYButton.swift */,
				04EBEB8C254AACE6000B706F /* QYCountDownButton.swift */,
			);
			path = UIButton;
			sourceTree = "<group>";
		};
		04EBEB8D254AACE6000B706F /* UIColor */ = {
			isa = PBXGroup;
			children = (
				04EBEB8E254AACE6000B706F /* QYColor.swift */,
			);
			path = UIColor;
			sourceTree = "<group>";
		};
		04EBEB8F254AACE6000B706F /* UIAlertController */ = {
			isa = PBXGroup;
			children = (
				04EBEB90254AACE6000B706F /* QYAlert.swift */,
			);
			path = UIAlertController;
			sourceTree = "<group>";
		};
		04EBEB91254AACE6000B706F /* UIView */ = {
			isa = PBXGroup;
			children = (
				04EBEB92254AACE6000B706F /* QYView.swift */,
			);
			path = UIView;
			sourceTree = "<group>";
		};
		04EBEB93254AACE6000B706F /* DatePickerViewController */ = {
			isa = PBXGroup;
			children = (
				04EBEB94254AACE6000B706F /* QYDatePickerViewController.swift */,
			);
			path = DatePickerViewController;
			sourceTree = "<group>";
		};
		04EBEB95254AACE6000B706F /* UITextView */ = {
			isa = PBXGroup;
			children = (
				04EBEB96254AACE6000B706F /* QYTextView.swift */,
			);
			path = UITextView;
			sourceTree = "<group>";
		};
		04EBEB97254AACE6000B706F /* UIPanGestureRecognizer */ = {
			isa = PBXGroup;
			children = (
				04EBEB98254AACE6000B706F /* QYBlockGesture.swift */,
			);
			path = UIPanGestureRecognizer;
			sourceTree = "<group>";
		};
		04EBEB99254AACE6000B706F /* UIDevice */ = {
			isa = PBXGroup;
			children = (
				04EBEB9A254AACE6000B706F /* QYDevice.swift */,
			);
			path = UIDevice;
			sourceTree = "<group>";
		};
		04EBEB9B254AACE6000B706F /* UICollectionView */ = {
			isa = PBXGroup;
			children = (
				04EBEB9C254AACE6000B706F /* QYBaseCollectionView.swift */,
			);
			path = UICollectionView;
			sourceTree = "<group>";
		};
		04EBEB9D254AACE6000B706F /* UIViewController */ = {
			isa = PBXGroup;
			children = (
				04EBEB9E254AACE6000B706F /* QYBaseViewController.swift */,
				04EBEB9F254AACE6000B706F /* QYViewController.swift */,
			);
			path = UIViewController;
			sourceTree = "<group>";
		};
		04EBEBA0254AACE6000B706F /* UINavigationController */ = {
			isa = PBXGroup;
			children = (
				04EBEBA1254AACE6000B706F /* QYBaseNavigationController.swift */,
			);
			path = UINavigationController;
			sourceTree = "<group>";
		};
		04EBEBA2254AACE6000B706F /* UITableView */ = {
			isa = PBXGroup;
			children = (
				04EBEBA3254AACE6000B706F /* QYTableViewDelegate.swift */,
				04EBEBA4254AACE6000B706F /* QYBaseTableView.swift */,
			);
			path = UITableView;
			sourceTree = "<group>";
		};
		04EBEBA5254AACE6000B706F /* UITextField */ = {
			isa = PBXGroup;
			children = (
				04EBEBA6254AACE6000B706F /* QYTextField.swift */,
			);
			path = UITextField;
			sourceTree = "<group>";
		};
		04EBEBA7254AACE6000B706F /* 其它 */ = {
			isa = PBXGroup;
			children = (
				04EBEBA8254AACE6000B706F /* QYToolManager.swift */,
			);
			path = "其它";
			sourceTree = "<group>";
		};
		04EBEBA9254AACE6000B706F /* 集成第三方 */ = {
			isa = PBXGroup;
			children = (
				04EBEBAA254AACE6000B706F /* MBHUD */,
			);
			path = "集成第三方";
			sourceTree = "<group>";
		};
		04EBEBAA254AACE6000B706F /* MBHUD */ = {
			isa = PBXGroup;
			children = (
				04EBEBAB254AACE6000B706F /* QYHUD.swift */,
			);
			path = MBHUD;
			sourceTree = "<group>";
		};
		04EBEBAC254AACE6000B706F /* 功能 */ = {
			isa = PBXGroup;
			children = (
				04EBEBAD254AACE6000B706F /* 正则表达式 */,
				04EBEBAF254AACE6000B706F /* 调用系统 */,
				04EBEBB1254AACE6000B706F /* APP 信息 */,
				04EBEBB3254AACE6000B706F /* 指纹 */,
				04EBEBB5254AACE6000B706F /* 定位 */,
				04EBEBB7254AACE6000B706F /* 权限 */,
				04EBEBB9254AACE6000B706F /* 相机 */,
			);
			path = "功能";
			sourceTree = "<group>";
		};
		04EBEBAD254AACE6000B706F /* 正则表达式 */ = {
			isa = PBXGroup;
			children = (
				04EBEBAE254AACE6000B706F /* QYRegular.swift */,
			);
			path = "正则表达式";
			sourceTree = "<group>";
		};
		04EBEBAF254AACE6000B706F /* 调用系统 */ = {
			isa = PBXGroup;
			children = (
				04EBEBB0254AACE6000B706F /* QYSystem.swift */,
			);
			path = "调用系统";
			sourceTree = "<group>";
		};
		04EBEBB1254AACE6000B706F /* APP 信息 */ = {
			isa = PBXGroup;
			children = (
				04EBEBB2254AACE6000B706F /* QYAppInfo.swift */,
			);
			path = "APP 信息";
			sourceTree = "<group>";
		};
		04EBEBB3254AACE6000B706F /* 指纹 */ = {
			isa = PBXGroup;
			children = (
				04EBEBB4254AACE6000B706F /* QYTouchIDManager.swift */,
			);
			path = "指纹";
			sourceTree = "<group>";
		};
		04EBEBB5254AACE6000B706F /* 定位 */ = {
			isa = PBXGroup;
			children = (
				04EBEBB6254AACE6000B706F /* QYLocation.swift */,
			);
			path = "定位";
			sourceTree = "<group>";
		};
		04EBEBB7254AACE6000B706F /* 权限 */ = {
			isa = PBXGroup;
			children = (
				04EBEBB8254AACE6000B706F /* QYPermissionsDetection.swift */,
			);
			path = "权限";
			sourceTree = "<group>";
		};
		04EBEBB9254AACE6000B706F /* 相机 */ = {
			isa = PBXGroup;
			children = (
				04EBEBBA254AACE6000B706F /* QYCameraController.swift */,
			);
			path = "相机";
			sourceTree = "<group>";
		};
		04EBEBBB254AACE7000B706F /* Resource */ = {
			isa = PBXGroup;
			children = (
				04EBEBBC254AACE7000B706F /* address-code.json */,
				04EBEBBD254AACE7000B706F /* Images.xcassets */,
			);
			path = Resource;
			sourceTree = "<group>";
		};
		04EBEBEA254AAD4E000B706F /* Foundation */ = {
			isa = PBXGroup;
			children = (
				04EBEBEB254AAD4E000B706F /* then */,
				04EBEBED254AAD4E000B706F /* DispatchQueue */,
				04EBEBEF254AAD4E000B706F /* Codable */,
				04EBEBF2254AAD4E000B706F /* Array */,
				04EBEBF4254AAD4E000B706F /* Date */,
				04EBEBF6254AAD4E000B706F /* Dictionary */,
				04EBEBF8254AAD4E000B706F /* 运算符 */,
				04EBEBFA254AAD4E000B706F /* String */,
				04EBEBFD254AAD4E000B706F /* NSObject */,
				04EBEBFF254AAD4E000B706F /* Data */,
			);
			path = Foundation;
			sourceTree = "<group>";
		};
		04EBEBEB254AAD4E000B706F /* then */ = {
			isa = PBXGroup;
			children = (
				04EBEBEC254AAD4E000B706F /* QYThen.swift */,
			);
			path = then;
			sourceTree = "<group>";
		};
		04EBEBED254AAD4E000B706F /* DispatchQueue */ = {
			isa = PBXGroup;
			children = (
				04EBEBEE254AAD4E000B706F /* QYDispatchQueue.swift */,
			);
			path = DispatchQueue;
			sourceTree = "<group>";
		};
		04EBEBEF254AAD4E000B706F /* Codable */ = {
			isa = PBXGroup;
			children = (
				04EBEBF0254AAD4E000B706F /* QYCustomDataType.swift */,
				04EBEBF1254AAD4E000B706F /* QYCodable.swift */,
			);
			path = Codable;
			sourceTree = "<group>";
		};
		04EBEBF2254AAD4E000B706F /* Array */ = {
			isa = PBXGroup;
			children = (
				04EBEBF3254AAD4E000B706F /* QYArray.swift */,
			);
			path = Array;
			sourceTree = "<group>";
		};
		04EBEBF4254AAD4E000B706F /* Date */ = {
			isa = PBXGroup;
			children = (
				04EBEBF5254AAD4E000B706F /* QYDate.swift */,
			);
			path = Date;
			sourceTree = "<group>";
		};
		04EBEBF6254AAD4E000B706F /* Dictionary */ = {
			isa = PBXGroup;
			children = (
				04EBEBF7254AAD4E000B706F /* QYDictionary.swift */,
			);
			path = Dictionary;
			sourceTree = "<group>";
		};
		04EBEBF8254AAD4E000B706F /* 运算符 */ = {
			isa = PBXGroup;
			children = (
				04EBEBF9254AAD4E000B706F /* QYOperation.swift */,
			);
			path = "运算符";
			sourceTree = "<group>";
		};
		04EBEBFA254AAD4E000B706F /* String */ = {
			isa = PBXGroup;
			children = (
				04EBEBFB254AAD4E000B706F /* QYString.swift */,
				04EBEBFC254AAD4E000B706F /* QYAttributedString.swift */,
			);
			path = String;
			sourceTree = "<group>";
		};
		04EBEBFD254AAD4E000B706F /* NSObject */ = {
			isa = PBXGroup;
			children = (
				04EBEBFE254AAD4E000B706F /* QYObject.swift */,
			);
			path = NSObject;
			sourceTree = "<group>";
		};
		04EBEBFF254AAD4E000B706F /* Data */ = {
			isa = PBXGroup;
			children = (
				04EBEC00254AAD4E000B706F /* QYData.swift */,
			);
			path = Data;
			sourceTree = "<group>";
		};
		2C84F23BE2757D374C837F7E /* Frameworks */ = {
			isa = PBXGroup;
			children = (
				BA9D30B75E934813E876663D /* Pods_QYKitDemo.framework */,
			);
			name = Frameworks;
			sourceTree = "<group>";
		};
		845C6C5FD91046F093DBF41D /* Pods */ = {
			isa = PBXGroup;
			children = (
				38518928AD5ACCDA2E21AF37 /* Pods-YJSwiftKit.debug.xcconfig */,
				E70C75C4B2811F67EF626856 /* Pods-YJSwiftKit.release.xcconfig */,
				BD5365B016AE7E3E115D7980 /* Pods-QYKit.debug.xcconfig */,
				43527D8192BD4580F87ED551 /* Pods-QYKit.release.xcconfig */,
				AA48D6AEB9A67077249D2F96 /* Pods-QYKitDemo.debug.xcconfig */,
				C855F5FFC743AD93607AA5ED /* Pods-QYKitDemo.release.xcconfig */,
			);
			path = Pods;
			sourceTree = "<group>";
		};
/* End PBXGroup section */

/* Begin PBXNativeTarget section */
		04901FBD249CA25F0086A508 /* QYKitDemo */ = {
			isa = PBXNativeTarget;
			buildConfigurationList = 04901FE8249CA2650086A508 /* Build configuration list for PBXNativeTarget "QYKitDemo" */;
			buildPhases = (
				A2E50710AE7E4A34B5AE8CAB /* [CP] Check Pods Manifest.lock */,
				04901FBA249CA25F0086A508 /* Sources */,
				04901FBB249CA25F0086A508 /* Frameworks */,
				04901FBC249CA25F0086A508 /* Resources */,
				5EB32D307ABC477F31662559 /* [CP] Embed Pods Frameworks */,
			);
			buildRules = (
			);
			dependencies = (
			);
			name = QYKitDemo;
			productName = YJSwiftKit;
			productReference = 04901FBE249CA25F0086A508 /* QYKitDemo.app */;
			productType = "com.apple.product-type.application";
		};
		04901FD3249CA2650086A508 /* QYKitDemoTests */ = {
			isa = PBXNativeTarget;
			buildConfigurationList = 04901FEB249CA2650086A508 /* Build configuration list for PBXNativeTarget "QYKitDemoTests" */;
			buildPhases = (
				04901FD0249CA2650086A508 /* Sources */,
				04901FD1249CA2650086A508 /* Frameworks */,
				04901FD2249CA2650086A508 /* Resources */,
			);
			buildRules = (
			);
			dependencies = (
				04901FD6249CA2650086A508 /* PBXTargetDependency */,
			);
			name = QYKitDemoTests;
			productName = YJSwiftKitTests;
			productReference = 04901FD4249CA2650086A508 /* QYKitDemoTests.xctest */;
			productType = "com.apple.product-type.bundle.unit-test";
		};
		04901FDE249CA2650086A508 /* QYKitDemoUITests */ = {
			isa = PBXNativeTarget;
			buildConfigurationList = 04901FEE249CA2650086A508 /* Build configuration list for PBXNativeTarget "QYKitDemoUITests" */;
			buildPhases = (
				04901FDB249CA2650086A508 /* Sources */,
				04901FDC249CA2650086A508 /* Frameworks */,
				04901FDD249CA2650086A508 /* Resources */,
			);
			buildRules = (
			);
			dependencies = (
				04901FE1249CA2650086A508 /* PBXTargetDependency */,
			);
			name = QYKitDemoUITests;
			productName = YJSwiftKitUITests;
			productReference = 04901FDF249CA2650086A508 /* QYKitDemoUITests.xctest */;
			productType = "com.apple.product-type.bundle.ui-testing";
		};
/* End PBXNativeTarget section */

/* Begin PBXProject section */
		04901FB6249CA25F0086A508 /* Project object */ = {
			isa = PBXProject;
			attributes = {
				LastSwiftUpdateCheck = 1150;
				LastUpgradeCheck = 1200;
				ORGANIZATIONNAME = "祎";
				TargetAttributes = {
					04901FBD249CA25F0086A508 = {
						CreatedOnToolsVersion = 11.5;
					};
					04901FD3249CA2650086A508 = {
						CreatedOnToolsVersion = 11.5;
						TestTargetID = 04901FBD249CA25F0086A508;
					};
					04901FDE249CA2650086A508 = {
						CreatedOnToolsVersion = 11.5;
						TestTargetID = 04901FBD249CA25F0086A508;
					};
				};
			};
			buildConfigurationList = 04901FB9249CA25F0086A508 /* Build configuration list for PBXProject "QYKitDemo" */;
			compatibilityVersion = "Xcode 9.3";
			developmentRegion = en;
			hasScannedForEncodings = 0;
			knownRegions = (
				en,
				Base,
			);
			mainGroup = 04901FB5249CA25F0086A508;
			productRefGroup = 04901FBF249CA25F0086A508 /* Products */;
			projectDirPath = "";
			projectRoot = "";
			targets = (
				04901FBD249CA25F0086A508 /* QYKitDemo */,
				04901FD3249CA2650086A508 /* QYKitDemoTests */,
				04901FDE249CA2650086A508 /* QYKitDemoUITests */,
			);
		};
/* End PBXProject section */

/* Begin PBXResourcesBuildPhase section */
		04901FBC249CA25F0086A508 /* Resources */ = {
			isa = PBXResourcesBuildPhase;
			buildActionMask = 2147483647;
			files = (
				04C6AB2724C7E33B009C348D /* NoData.png in Resources */,
				04EBEBDC254AACE7000B706F /* Images.xcassets in Resources */,
				04EBEBDB254AACE7000B706F /* address-code.json in Resources */,
				04C6AB2624C7E33B009C348D /* Main.storyboard in Resources */,
				04FA089924C82BED00B695C4 /* README.md in Resources */,
				04FA089B24C82BF600B695C4 /* QYKit.podspec in Resources */,
				04C6AB2424C7E33B009C348D /* Assets.xcassets in Resources */,
				04C6AB2524C7E33B009C348D /* LaunchScreen.storyboard in Resources */,
			);
			runOnlyForDeploymentPostprocessing = 0;
		};
		04901FD2249CA2650086A508 /* Resources */ = {
			isa = PBXResourcesBuildPhase;
			buildActionMask = 2147483647;
			files = (
			);
			runOnlyForDeploymentPostprocessing = 0;
		};
		04901FDD249CA2650086A508 /* Resources */ = {
			isa = PBXResourcesBuildPhase;
			buildActionMask = 2147483647;
			files = (
			);
			runOnlyForDeploymentPostprocessing = 0;
		};
/* End PBXResourcesBuildPhase section */

/* Begin PBXShellScriptBuildPhase section */
		5EB32D307ABC477F31662559 /* [CP] Embed Pods Frameworks */ = {
			isa = PBXShellScriptBuildPhase;
			buildActionMask = 2147483647;
			files = (
			);
			inputFileListPaths = (
				"${PODS_ROOT}/Target Support Files/Pods-QYKitDemo/Pods-QYKitDemo-frameworks-${CONFIGURATION}-input-files.xcfilelist",
			);
			name = "[CP] Embed Pods Frameworks";
			outputFileListPaths = (
				"${PODS_ROOT}/Target Support Files/Pods-QYKitDemo/Pods-QYKitDemo-frameworks-${CONFIGURATION}-output-files.xcfilelist",
			);
			runOnlyForDeploymentPostprocessing = 0;
			shellPath = /bin/sh;
			shellScript = "\"${PODS_ROOT}/Target Support Files/Pods-QYKitDemo/Pods-QYKitDemo-frameworks.sh\"\n";
			showEnvVarsInLog = 0;
		};
		A2E50710AE7E4A34B5AE8CAB /* [CP] Check Pods Manifest.lock */ = {
			isa = PBXShellScriptBuildPhase;
			buildActionMask = 2147483647;
			files = (
			);
			inputFileListPaths = (
			);
			inputPaths = (
				"${PODS_PODFILE_DIR_PATH}/Podfile.lock",
				"${PODS_ROOT}/Manifest.lock",
			);
			name = "[CP] Check Pods Manifest.lock";
			outputFileListPaths = (
			);
			outputPaths = (
				"$(DERIVED_FILE_DIR)/Pods-QYKitDemo-checkManifestLockResult.txt",
			);
			runOnlyForDeploymentPostprocessing = 0;
			shellPath = /bin/sh;
			shellScript = "diff \"${PODS_PODFILE_DIR_PATH}/Podfile.lock\" \"${PODS_ROOT}/Manifest.lock\" > /dev/null\nif [ $? != 0 ] ; then\n    # print error to STDERR\n    echo \"error: The sandbox is not in sync with the Podfile.lock. Run 'pod install' or update your CocoaPods installation.\" >&2\n    exit 1\nfi\n# This output is used by Xcode 'outputs' to avoid re-running this script phase.\necho \"SUCCESS\" > \"${SCRIPT_OUTPUT_FILE_0}\"\n";
			showEnvVarsInLog = 0;
		};
/* End PBXShellScriptBuildPhase section */

/* Begin PBXSourcesBuildPhase section */
		04901FBA249CA25F0086A508 /* Sources */ = {
			isa = PBXSourcesBuildPhase;
			buildActionMask = 2147483647;
			files = (
				04EBEBD7254AACE7000B706F /* QYTouchIDManager.swift in Sources */,
				04EBEBD5254AACE7000B706F /* QYSystem.swift in Sources */,
				04C6AB2824C7E33B009C348D /* AppDelegate.swift in Sources */,
				04EBEC0C254AAD4E000B706F /* QYData.swift in Sources */,
				04EBEBCC254AACE7000B706F /* QYBaseViewController.swift in Sources */,
				04EBEBC8254AACE7000B706F /* QYTextView.swift in Sources */,
				04EBEC07254AAD4E000B706F /* QYDictionary.swift in Sources */,
				04EBEBC7254AACE7000B706F /* QYDatePickerViewController.swift in Sources */,
				04EBEBD4254AACE7000B706F /* QYRegular.swift in Sources */,
				04EBEBCE254AACE7000B706F /* QYBaseNavigationController.swift in Sources */,
				04EBEBCA254AACE7000B706F /* QYDevice.swift in Sources */,
				04EBEC06254AAD4E000B706F /* QYDate.swift in Sources */,
				04EBEC09254AAD4E000B706F /* QYString.swift in Sources */,
				04EBEBD3254AACE7000B706F /* QYHUD.swift in Sources */,
				04EBEBDA254AACE7000B706F /* QYCameraController.swift in Sources */,
				04EBEBD0254AACE7000B706F /* QYBaseTableView.swift in Sources */,
				04EBEBC1254AACE7000B706F /* QYGradientLabel.swift in Sources */,
				04EBEC08254AAD4E000B706F /* QYOperation.swift in Sources */,
				04EBEBC9254AACE7000B706F /* QYBlockGesture.swift in Sources */,
				04EBEBBE254AACE7000B706F /* QYImage.swift in Sources */,
				04EBEBD8254AACE7000B706F /* QYLocation.swift in Sources */,
				04EBEC05254AAD4E000B706F /* QYArray.swift in Sources */,
				04EBEBC0254AACE7000B706F /* QYLabel.swift in Sources */,
				04EBEC0B254AAD4E000B706F /* QYObject.swift in Sources */,
				04EBEBC3254AACE7000B706F /* QYCountDownButton.swift in Sources */,
				04A52DBE24F9026A00A71142 /* MyViewController.swift in Sources */,
				04EBEBCB254AACE7000B706F /* QYBaseCollectionView.swift in Sources */,
				04EBEBD6254AACE7000B706F /* QYAppInfo.swift in Sources */,
				04EBEC0A254AAD4E000B706F /* QYAttributedString.swift in Sources */,
				04EBEBC5254AACE7000B706F /* QYAlert.swift in Sources */,
				04C6AB2324C7E33B009C348D /* ViewController.swift in Sources */,
				04EBEBCF254AACE7000B706F /* QYTableViewDelegate.swift in Sources */,
				04EBEBD2254AACE7000B706F /* QYToolManager.swift in Sources */,
				04EBEBD9254AACE7000B706F /* QYPermissionsDetection.swift in Sources */,
				04EBEC03254AAD4E000B706F /* QYCustomDataType.swift in Sources */,
				04EBEBC6254AACE7000B706F /* QYView.swift in Sources */,
				04EBEC02254AAD4E000B706F /* QYDispatchQueue.swift in Sources */,
				04EBEBC4254AACE7000B706F /* QYColor.swift in Sources */,
				04EBEBD1254AACE7000B706F /* QYTextField.swift in Sources */,
				04EBEC01254AAD4E000B706F /* QYThen.swift in Sources */,
				04EBEBCD254AACE7000B706F /* QYViewController.swift in Sources */,
				04EBEBBF254AACE7000B706F /* QYPageView.swift in Sources */,
				04EBEC04254AAD4E000B706F /* QYCodable.swift in Sources */,
				04EBEBC2254AACE7000B706F /* QYButton.swift in Sources */,
			);
			runOnlyForDeploymentPostprocessing = 0;
		};
		04901FD0249CA2650086A508 /* Sources */ = {
			isa = PBXSourcesBuildPhase;
			buildActionMask = 2147483647;
			files = (
			);
			runOnlyForDeploymentPostprocessing = 0;
		};
		04901FDB249CA2650086A508 /* Sources */ = {
			isa = PBXSourcesBuildPhase;
			buildActionMask = 2147483647;
			files = (
			);
			runOnlyForDeploymentPostprocessing = 0;
		};
/* End PBXSourcesBuildPhase section */

/* Begin PBXTargetDependency section */
		04901FD6249CA2650086A508 /* PBXTargetDependency */ = {
			isa = PBXTargetDependency;
			target = 04901FBD249CA25F0086A508 /* QYKitDemo */;
			targetProxy = 04901FD5249CA2650086A508 /* PBXContainerItemProxy */;
		};
		04901FE1249CA2650086A508 /* PBXTargetDependency */ = {
			isa = PBXTargetDependency;
			target = 04901FBD249CA25F0086A508 /* QYKitDemo */;
			targetProxy = 04901FE0249CA2650086A508 /* PBXContainerItemProxy */;
		};
/* End PBXTargetDependency section */

/* Begin PBXVariantGroup section */
		04C6AB1C24C7E33B009C348D /* LaunchScreen.storyboard */ = {
			isa = PBXVariantGroup;
			children = (
				04C6AB1D24C7E33B009C348D /* Base */,
			);
			name = LaunchScreen.storyboard;
			sourceTree = "<group>";
		};
		04C6AB1E24C7E33B009C348D /* Main.storyboard */ = {
			isa = PBXVariantGroup;
			children = (
				04C6AB1F24C7E33B009C348D /* Base */,
			);
			name = Main.storyboard;
			sourceTree = "<group>";
		};
/* End PBXVariantGroup section */

/* Begin XCBuildConfiguration section */
		04901FE6249CA2650086A508 /* Debug */ = {
			isa = XCBuildConfiguration;
			buildSettings = {
				ALWAYS_SEARCH_USER_PATHS = NO;
				CLANG_ANALYZER_NONNULL = YES;
				CLANG_ANALYZER_NUMBER_OBJECT_CONVERSION = YES_AGGRESSIVE;
				CLANG_CXX_LANGUAGE_STANDARD = "gnu++14";
				CLANG_CXX_LIBRARY = "libc++";
				CLANG_ENABLE_MODULES = YES;
				CLANG_ENABLE_OBJC_ARC = YES;
				CLANG_ENABLE_OBJC_WEAK = YES;
				CLANG_WARN_BLOCK_CAPTURE_AUTORELEASING = YES;
				CLANG_WARN_BOOL_CONVERSION = YES;
				CLANG_WARN_COMMA = YES;
				CLANG_WARN_CONSTANT_CONVERSION = YES;
				CLANG_WARN_DEPRECATED_OBJC_IMPLEMENTATIONS = YES;
				CLANG_WARN_DIRECT_OBJC_ISA_USAGE = YES_ERROR;
				CLANG_WARN_DOCUMENTATION_COMMENTS = YES;
				CLANG_WARN_EMPTY_BODY = YES;
				CLANG_WARN_ENUM_CONVERSION = YES;
				CLANG_WARN_INFINITE_RECURSION = YES;
				CLANG_WARN_INT_CONVERSION = YES;
				CLANG_WARN_NON_LITERAL_NULL_CONVERSION = YES;
				CLANG_WARN_OBJC_IMPLICIT_RETAIN_SELF = YES;
				CLANG_WARN_OBJC_LITERAL_CONVERSION = YES;
				CLANG_WARN_OBJC_ROOT_CLASS = YES_ERROR;
				CLANG_WARN_QUOTED_INCLUDE_IN_FRAMEWORK_HEADER = YES;
				CLANG_WARN_RANGE_LOOP_ANALYSIS = YES;
				CLANG_WARN_STRICT_PROTOTYPES = YES;
				CLANG_WARN_SUSPICIOUS_MOVE = YES;
				CLANG_WARN_UNGUARDED_AVAILABILITY = YES_AGGRESSIVE;
				CLANG_WARN_UNREACHABLE_CODE = YES;
				CLANG_WARN__DUPLICATE_METHOD_MATCH = YES;
				COPY_PHASE_STRIP = NO;
				DEBUG_INFORMATION_FORMAT = dwarf;
				ENABLE_STRICT_OBJC_MSGSEND = YES;
				ENABLE_TESTABILITY = YES;
				GCC_C_LANGUAGE_STANDARD = gnu11;
				GCC_DYNAMIC_NO_PIC = NO;
				GCC_NO_COMMON_BLOCKS = YES;
				GCC_OPTIMIZATION_LEVEL = 0;
				GCC_PREPROCESSOR_DEFINITIONS = (
					"DEBUG=1",
					"$(inherited)",
				);
				GCC_WARN_64_TO_32_BIT_CONVERSION = YES;
				GCC_WARN_ABOUT_RETURN_TYPE = YES_ERROR;
				GCC_WARN_UNDECLARED_SELECTOR = YES;
				GCC_WARN_UNINITIALIZED_AUTOS = YES_AGGRESSIVE;
				GCC_WARN_UNUSED_FUNCTION = YES;
				GCC_WARN_UNUSED_VARIABLE = YES;
				IPHONEOS_DEPLOYMENT_TARGET = 13.5;
				MTL_ENABLE_DEBUG_INFO = INCLUDE_SOURCE;
				MTL_FAST_MATH = YES;
				ONLY_ACTIVE_ARCH = YES;
				SDKROOT = iphoneos;
				SWIFT_ACTIVE_COMPILATION_CONDITIONS = DEBUG;
				SWIFT_OPTIMIZATION_LEVEL = "-Onone";
			};
			name = Debug;
		};
		04901FE7249CA2650086A508 /* Release */ = {
			isa = XCBuildConfiguration;
			buildSettings = {
				ALWAYS_SEARCH_USER_PATHS = NO;
				CLANG_ANALYZER_NONNULL = YES;
				CLANG_ANALYZER_NUMBER_OBJECT_CONVERSION = YES_AGGRESSIVE;
				CLANG_CXX_LANGUAGE_STANDARD = "gnu++14";
				CLANG_CXX_LIBRARY = "libc++";
				CLANG_ENABLE_MODULES = YES;
				CLANG_ENABLE_OBJC_ARC = YES;
				CLANG_ENABLE_OBJC_WEAK = YES;
				CLANG_WARN_BLOCK_CAPTURE_AUTORELEASING = YES;
				CLANG_WARN_BOOL_CONVERSION = YES;
				CLANG_WARN_COMMA = YES;
				CLANG_WARN_CONSTANT_CONVERSION = YES;
				CLANG_WARN_DEPRECATED_OBJC_IMPLEMENTATIONS = YES;
				CLANG_WARN_DIRECT_OBJC_ISA_USAGE = YES_ERROR;
				CLANG_WARN_DOCUMENTATION_COMMENTS = YES;
				CLANG_WARN_EMPTY_BODY = YES;
				CLANG_WARN_ENUM_CONVERSION = YES;
				CLANG_WARN_INFINITE_RECURSION = YES;
				CLANG_WARN_INT_CONVERSION = YES;
				CLANG_WARN_NON_LITERAL_NULL_CONVERSION = YES;
				CLANG_WARN_OBJC_IMPLICIT_RETAIN_SELF = YES;
				CLANG_WARN_OBJC_LITERAL_CONVERSION = YES;
				CLANG_WARN_OBJC_ROOT_CLASS = YES_ERROR;
				CLANG_WARN_QUOTED_INCLUDE_IN_FRAMEWORK_HEADER = YES;
				CLANG_WARN_RANGE_LOOP_ANALYSIS = YES;
				CLANG_WARN_STRICT_PROTOTYPES = YES;
				CLANG_WARN_SUSPICIOUS_MOVE = YES;
				CLANG_WARN_UNGUARDED_AVAILABILITY = YES_AGGRESSIVE;
				CLANG_WARN_UNREACHABLE_CODE = YES;
				CLANG_WARN__DUPLICATE_METHOD_MATCH = YES;
				COPY_PHASE_STRIP = NO;
				DEBUG_INFORMATION_FORMAT = "dwarf-with-dsym";
				ENABLE_NS_ASSERTIONS = NO;
				ENABLE_STRICT_OBJC_MSGSEND = YES;
				GCC_C_LANGUAGE_STANDARD = gnu11;
				GCC_NO_COMMON_BLOCKS = YES;
				GCC_WARN_64_TO_32_BIT_CONVERSION = YES;
				GCC_WARN_ABOUT_RETURN_TYPE = YES_ERROR;
				GCC_WARN_UNDECLARED_SELECTOR = YES;
				GCC_WARN_UNINITIALIZED_AUTOS = YES_AGGRESSIVE;
				GCC_WARN_UNUSED_FUNCTION = YES;
				GCC_WARN_UNUSED_VARIABLE = YES;
				IPHONEOS_DEPLOYMENT_TARGET = 13.5;
				MTL_ENABLE_DEBUG_INFO = NO;
				MTL_FAST_MATH = YES;
				SDKROOT = iphoneos;
				SWIFT_COMPILATION_MODE = wholemodule;
				SWIFT_OPTIMIZATION_LEVEL = "-O";
				VALIDATE_PRODUCT = YES;
			};
			name = Release;
		};
		04901FE9249CA2650086A508 /* Debug */ = {
			isa = XCBuildConfiguration;
			baseConfigurationReference = AA48D6AEB9A67077249D2F96 /* Pods-QYKitDemo.debug.xcconfig */;
			buildSettings = {
				ASSETCATALOG_COMPILER_APPICON_NAME = AppIcon;
				CODE_SIGN_STYLE = Automatic;
				DEVELOPMENT_TEAM = 63X4PDHZJB;
				INFOPLIST_FILE = "$(SRCROOT)/QYKitDemo/Info.plist";
				IPHONEOS_DEPLOYMENT_TARGET = 12.0;
				LD_RUNPATH_SEARCH_PATHS = (
					"$(inherited)",
					"@executable_path/Frameworks",
				);
				PRODUCT_BUNDLE_IDENTIFIER = com.mk.QYKit;
				PRODUCT_NAME = "$(TARGET_NAME)";
				SWIFT_VERSION = 5.0;
				TARGETED_DEVICE_FAMILY = "1,2";
			};
			name = Debug;
		};
		04901FEA249CA2650086A508 /* Release */ = {
			isa = XCBuildConfiguration;
			baseConfigurationReference = C855F5FFC743AD93607AA5ED /* Pods-QYKitDemo.release.xcconfig */;
			buildSettings = {
				ASSETCATALOG_COMPILER_APPICON_NAME = AppIcon;
				CODE_SIGN_STYLE = Automatic;
				DEVELOPMENT_TEAM = 63X4PDHZJB;
				INFOPLIST_FILE = "$(SRCROOT)/QYKitDemo/Info.plist";
				IPHONEOS_DEPLOYMENT_TARGET = 12.0;
				LD_RUNPATH_SEARCH_PATHS = (
					"$(inherited)",
					"@executable_path/Frameworks",
				);
				PRODUCT_BUNDLE_IDENTIFIER = com.mk.QYKit;
				PRODUCT_NAME = "$(TARGET_NAME)";
				SWIFT_VERSION = 5.0;
				TARGETED_DEVICE_FAMILY = "1,2";
			};
			name = Release;
		};
		04901FEC249CA2650086A508 /* Debug */ = {
			isa = XCBuildConfiguration;
			buildSettings = {
				ALWAYS_EMBED_SWIFT_STANDARD_LIBRARIES = YES;
				BUNDLE_LOADER = "$(TEST_HOST)";
				CODE_SIGN_STYLE = Automatic;
				DEVELOPMENT_TEAM = 63X4PDHZJB;
				INFOPLIST_FILE = YJSwiftKitTests/Info.plist;
				IPHONEOS_DEPLOYMENT_TARGET = 13.5;
				LD_RUNPATH_SEARCH_PATHS = (
					"$(inherited)",
					"@executable_path/Frameworks",
					"@loader_path/Frameworks",
				);
				PRODUCT_BUNDLE_IDENTIFIER = com.mk.YJSwiftKitTests;
				PRODUCT_NAME = "$(TARGET_NAME)";
				SWIFT_VERSION = 5.0;
				TARGETED_DEVICE_FAMILY = "1,2";
				TEST_HOST = "$(BUILT_PRODUCTS_DIR)/QYKitDemo.app/QYKitDemo";
			};
			name = Debug;
		};
		04901FED249CA2650086A508 /* Release */ = {
			isa = XCBuildConfiguration;
			buildSettings = {
				ALWAYS_EMBED_SWIFT_STANDARD_LIBRARIES = YES;
				BUNDLE_LOADER = "$(TEST_HOST)";
				CODE_SIGN_STYLE = Automatic;
				DEVELOPMENT_TEAM = 63X4PDHZJB;
				INFOPLIST_FILE = YJSwiftKitTests/Info.plist;
				IPHONEOS_DEPLOYMENT_TARGET = 13.5;
				LD_RUNPATH_SEARCH_PATHS = (
					"$(inherited)",
					"@executable_path/Frameworks",
					"@loader_path/Frameworks",
				);
				PRODUCT_BUNDLE_IDENTIFIER = com.mk.YJSwiftKitTests;
				PRODUCT_NAME = "$(TARGET_NAME)";
				SWIFT_VERSION = 5.0;
				TARGETED_DEVICE_FAMILY = "1,2";
				TEST_HOST = "$(BUILT_PRODUCTS_DIR)/QYKitDemo.app/QYKitDemo";
			};
			name = Release;
		};
		04901FEF249CA2650086A508 /* Debug */ = {
			isa = XCBuildConfiguration;
			buildSettings = {
				ALWAYS_EMBED_SWIFT_STANDARD_LIBRARIES = YES;
				CODE_SIGN_STYLE = Automatic;
				DEVELOPMENT_TEAM = 63X4PDHZJB;
				INFOPLIST_FILE = YJSwiftKitUITests/Info.plist;
				LD_RUNPATH_SEARCH_PATHS = (
					"$(inherited)",
					"@executable_path/Frameworks",
					"@loader_path/Frameworks",
				);
				PRODUCT_BUNDLE_IDENTIFIER = com.mk.YJSwiftKitUITests;
				PRODUCT_NAME = "$(TARGET_NAME)";
				SWIFT_VERSION = 5.0;
				TARGETED_DEVICE_FAMILY = "1,2";
				TEST_TARGET_NAME = YJSwiftKit;
			};
			name = Debug;
		};
		04901FF0249CA2650086A508 /* Release */ = {
			isa = XCBuildConfiguration;
			buildSettings = {
				ALWAYS_EMBED_SWIFT_STANDARD_LIBRARIES = YES;
				CODE_SIGN_STYLE = Automatic;
				DEVELOPMENT_TEAM = 63X4PDHZJB;
				INFOPLIST_FILE = YJSwiftKitUITests/Info.plist;
				LD_RUNPATH_SEARCH_PATHS = (
					"$(inherited)",
					"@executable_path/Frameworks",
					"@loader_path/Frameworks",
				);
				PRODUCT_BUNDLE_IDENTIFIER = com.mk.YJSwiftKitUITests;
				PRODUCT_NAME = "$(TARGET_NAME)";
				SWIFT_VERSION = 5.0;
				TARGETED_DEVICE_FAMILY = "1,2";
				TEST_TARGET_NAME = YJSwiftKit;
			};
			name = Release;
		};
/* End XCBuildConfiguration section */

/* Begin XCConfigurationList section */
		04901FB9249CA25F0086A508 /* Build configuration list for PBXProject "QYKitDemo" */ = {
			isa = XCConfigurationList;
			buildConfigurations = (
				04901FE6249CA2650086A508 /* Debug */,
				04901FE7249CA2650086A508 /* Release */,
			);
			defaultConfigurationIsVisible = 0;
			defaultConfigurationName = Release;
		};
		04901FE8249CA2650086A508 /* Build configuration list for PBXNativeTarget "QYKitDemo" */ = {
			isa = XCConfigurationList;
			buildConfigurations = (
				04901FE9249CA2650086A508 /* Debug */,
				04901FEA249CA2650086A508 /* Release */,
			);
			defaultConfigurationIsVisible = 0;
			defaultConfigurationName = Release;
		};
		04901FEB249CA2650086A508 /* Build configuration list for PBXNativeTarget "QYKitDemoTests" */ = {
			isa = XCConfigurationList;
			buildConfigurations = (
				04901FEC249CA2650086A508 /* Debug */,
				04901FED249CA2650086A508 /* Release */,
			);
			defaultConfigurationIsVisible = 0;
			defaultConfigurationName = Release;
		};
		04901FEE249CA2650086A508 /* Build configuration list for PBXNativeTarget "QYKitDemoUITests" */ = {
			isa = XCConfigurationList;
			buildConfigurations = (
				04901FEF249CA2650086A508 /* Debug */,
				04901FF0249CA2650086A508 /* Release */,
			);
			defaultConfigurationIsVisible = 0;
			defaultConfigurationName = Release;
		};
/* End XCConfigurationList section */
	};
	rootObject = 04901FB6249CA25F0086A508 /* Project object */;
}
